PODS:
  - KeychainAccess (4.2.2)
  - LineSDKSwift (5.7.0):
    - LineSDKSwift/Core (= 5.7.0)
  - LineSDKSwift/Core (5.7.0)
  - Nuke (9.2.4)
  - Realm (10.5.2):
    - Realm/Headers (= 10.5.2)
  - Realm/Headers (10.5.2)
  - RealmSwift (10.5.2):
    - Realm (= 10.5.2)
  - SideMenu (6.5.0)

DEPENDENCIES:
  - KeychainAccess
  - LineSDKSwift
  - Nuke
  - RealmSwift
  - SideMenu

SPEC REPOS:
  trunk:
    - KeychainAccess
    - LineSDKSwift
    - Nuke
    - Realm
    - RealmSwift
    - SideMenu

SPEC CHECKSUMS:
  KeychainAccess: c0c4f7f38f6fc7bbe58f5702e25f7bd2f65abf51
  LineSDKSwift: f9c232f89185b887b5725aa278325f3a23e33bbc
  Nuke: 44439f7a92e665a4f927ecd73cb51f91d93b0e0c
  Realm: 2e1bc0d28301006176692da234deff51f867d5ae
  RealmSwift: a522ad39715e8b4e491af4460059bc32b84f5a9b
  SideMenu: f583187d21c5b1dd04c72002be544b555a2627a2

PODFILE CHECKSUM: 39634b59b5ef492e5482687d4edc9fc43db4cff2

COCOAPODS: 1.10.1
