// !$*UTF8*$!
{
	archiveVersion = 1;
	classes = {
	};
	objectVersion = 50;
	objects = {

/* Begin PBXBuildFile section */
		09B8031D2590CF9100CA2D19 /* AppDelegate.swift in Sources */ = {isa = PBXBuildFile; fileRef = 09B8031C2590CF9100CA2D19 /* AppDelegate.swift */; };
		09B8031F2590CF9100CA2D19 /* SceneDelegate.swift in Sources */ = {isa = PBXBuildFile; fileRef = 09B8031E2590CF9100CA2D19 /* SceneDelegate.swift */; };
		09B803212590CF9100CA2D19 /* ViewController.swift in Sources */ = {isa = PBXBuildFile; fileRef = 09B803202590CF9100CA2D19 /* ViewController.swift */; };
		09B803242590CF9100CA2D19 /* Main.storyboard in Resources */ = {isa = PBXBuildFile; fileRef = 09B803222590CF9100CA2D19 /* Main.storyboard */; };
		09B803262590CF9200CA2D19 /* Assets.xcassets in Resources */ = {isa = PBXBuildFile; fileRef = 09B803252590CF9200CA2D19 /* Assets.xcassets */; };
		09B803292590CF9200CA2D19 /* LaunchScreen.storyboard in Resources */ = {isa = PBXBuildFile; fileRef = 09B803272590CF9200CA2D19 /* LaunchScreen.storyboard */; };
		09B803342590CF9300CA2D19 /* RssReaderTests.swift in Sources */ = {isa = PBXBuildFile; fileRef = 09B803332590CF9300CA2D19 /* RssReaderTests.swift */; };
		09B8033F2590CF9300CA2D19 /* RssReaderUITests.swift in Sources */ = {isa = PBXBuildFile; fileRef = 09B8033E2590CF9300CA2D19 /* RssReaderUITests.swift */; };
/* End PBXBuildFile section */

/* Begin PBXContainerItemProxy section */
		09B803302590CF9300CA2D19 /* PBXContainerItemProxy */ = {
			isa = PBXContainerItemProxy;
			containerPortal = 09B803112590CF9100CA2D19 /* Project object */;
			proxyType = 1;
			remoteGlobalIDString = 09B803182590CF9100CA2D19;
			remoteInfo = RssReader;
		};
		09B8033B2590CF9300CA2D19 /* PBXContainerItemProxy */ = {
			isa = PBXContainerItemProxy;
			containerPortal = 09B803112590CF9100CA2D19 /* Project object */;
			proxyType = 1;
			remoteGlobalIDString = 09B803182590CF9100CA2D19;
			remoteInfo = RssReader;
		};
/* End PBXContainerItemProxy section */

/* Begin PBXFileReference section */
		09B803192590CF9100CA2D19 /* RssReader.app */ = {isa = PBXFileReference; explicitFileType = wrapper.application; includeInIndex = 0; path = RssReader.app; sourceTree = BUILT_PRODUCTS_DIR; };
		09B8031C2590CF9100CA2D19 /* AppDelegate.swift */ = {isa = PBXFileReference; lastKnownFileType = sourcecode.swift; path = AppDelegate.swift; sourceTree = "<group>"; };
		09B8031E2590CF9100CA2D19 /* SceneDelegate.swift */ = {isa = PBXFileReference; lastKnownFileType = sourcecode.swift; path = SceneDelegate.swift; sourceTree = "<group>"; };
		09B803202590CF9100CA2D19 /* ViewController.swift */ = {isa = PBXFileReference; lastKnownFileType = sourcecode.swift; path = ViewController.swift; sourceTree = "<group>"; };
		09B803232590CF9100CA2D19 /* Base */ = {isa = PBXFileReference; lastKnownFileType = file.storyboard; name = Base; path = Base.lproj/Main.storyboard; sourceTree = "<group>"; };
		09B803252590CF9200CA2D19 /* Assets.xcassets */ = {isa = PBXFileReference; lastKnownFileType = folder.assetcatalog; path = Assets.xcassets; sourceTree = "<group>"; };
		09B803282590CF9200CA2D19 /* Base */ = {isa = PBXFileReference; lastKnownFileType = file.storyboard; name = Base; path = Base.lproj/LaunchScreen.storyboard; sourceTree = "<group>"; };
		09B8032A2590CF9200CA2D19 /* Info.plist */ = {isa = PBXFileReference; lastKnownFileType = text.plist.xml; path = Info.plist; sourceTree = "<group>"; };
		09B8032F2590CF9300CA2D19 /* RssReaderTests.xctest */ = {isa = PBXFileReference; explicitFileType = wrapper.cfbundle; includeInIndex = 0; path = RssReaderTests.xctest; sourceTree = BUILT_PRODUCTS_DIR; };
		09B803332590CF9300CA2D19 /* RssReaderTests.swift */ = {isa = PBXFileReference; lastKnownFileType = sourcecode.swift; path = RssReaderTests.swift; sourceTree = "<group>"; };
		09B803352590CF9300CA2D19 /* Info.plist */ = {isa = PBXFileReference; lastKnownFileType = text.plist.xml; path = Info.plist; sourceTree = "<group>"; };
		09B8033A2590CF9300CA2D19 /* RssReaderUITests.xctest */ = {isa = PBXFileReference; explicitFileType = wrapper.cfbundle; includeInIndex = 0; path = RssReaderUITests.xctest; sourceTree = BUILT_PRODUCTS_DIR; };
		09B8033E2590CF9300CA2D19 /* RssReaderUITests.swift */ = {isa = PBXFileReference; lastKnownFileType = sourcecode.swift; path = RssReaderUITests.swift; sourceTree = "<group>"; };
		09B803402590CF9300CA2D19 /* Info.plist */ = {isa = PBXFileReference; lastKnownFileType = text.plist.xml; path = Info.plist; sourceTree = "<group>"; };
/* End PBXFileReference section */

/* Begin PBXFrameworksBuildPhase section */
		09B803162590CF9100CA2D19 /* Frameworks */ = {
			isa = PBXFrameworksBuildPhase;
			buildActionMask = 2147483647;
			files = (
			);
			runOnlyForDeploymentPostprocessing = 0;
		};
		09B8032C2590CF9300CA2D19 /* Frameworks */ = {
			isa = PBXFrameworksBuildPhase;
			buildActionMask = 2147483647;
			files = (
			);
			runOnlyForDeploymentPostprocessing = 0;
		};
		09B803372590CF9300CA2D19 /* Frameworks */ = {
			isa = PBXFrameworksBuildPhase;
			buildActionMask = 2147483647;
			files = (
			);
			runOnlyForDeploymentPostprocessing = 0;
		};
/* End PBXFrameworksBuildPhase section */

/* Begin PBXGroup section */
		09B803102590CF9100CA2D19 = {
			isa = PBXGroup;
			children = (
				09B8031B2590CF9100CA2D19 /* RssReader */,
				09B803322590CF9300CA2D19 /* RssReaderTests */,
				09B8033D2590CF9300CA2D19 /* RssReaderUITests */,
				09B8031A2590CF9100CA2D19 /* Products */,
			);
			sourceTree = "<group>";
		};
		09B8031A2590CF9100CA2D19 /* Products */ = {
			isa = PBXGroup;
			children = (
				09B803192590CF9100CA2D19 /* RssReader.app */,
				09B8032F2590CF9300CA2D19 /* RssReaderTests.xctest */,
				09B8033A2590CF9300CA2D19 /* RssReaderUITests.xctest */,
			);
			name = Products;
			sourceTree = "<group>";
		};
		09B8031B2590CF9100CA2D19 /* RssReader */ = {
			isa = PBXGroup;
			children = (
				09B8031C2590CF9100CA2D19 /* AppDelegate.swift */,
				09B8031E2590CF9100CA2D19 /* SceneDelegate.swift */,
				09B803202590CF9100CA2D19 /* ViewController.swift */,
				09B803222590CF9100CA2D19 /* Main.storyboard */,
				09B803252590CF9200CA2D19 /* Assets.xcassets */,
				09B803272590CF9200CA2D19 /* LaunchScreen.storyboard */,
				09B8032A2590CF9200CA2D19 /* Info.plist */,
			);
			path = RssReader;
			sourceTree = "<group>";
		};
		09B803322590CF9300CA2D19 /* RssReaderTests */ = {
			isa = PBXGroup;
			children = (
				09B803332590CF9300CA2D19 /* RssReaderTests.swift */,
				09B803352590CF9300CA2D19 /* Info.plist */,
			);
			path = RssReaderTests;
			sourceTree = "<group>";
		};
		09B8033D2590CF9300CA2D19 /* RssReaderUITests */ = {
			isa = PBXGroup;
			children = (
				09B8033E2590CF9300CA2D19 /* RssReaderUITests.swift */,
				09B803402590CF9300CA2D19 /* Info.plist */,
			);
			path = RssReaderUITests;
			sourceTree = "<group>";
		};
/* End PBXGroup section */

/* Begin PBXNativeTarget section */
		09B803182590CF9100CA2D19 /* RssReader */ = {
			isa = PBXNativeTarget;
			buildConfigurationList = 09B803432590CF9300CA2D19 /* Build configuration list for PBXNativeTarget "RssReader" */;
			buildPhases = (
				09B803152590CF9100CA2D19 /* Sources */,
				09B803162590CF9100CA2D19 /* Frameworks */,
				09B803172590CF9100CA2D19 /* Resources */,
			);
			buildRules = (
			);
			dependencies = (
			);
			name = RssReader;
			productName = RssReader;
			productReference = 09B803192590CF9100CA2D19 /* RssReader.app */;
			productType = "com.apple.product-type.application";
		};
		09B8032E2590CF9300CA2D19 /* RssReaderTests */ = {
			isa = PBXNativeTarget;
			buildConfigurationList = 09B803462590CF9300CA2D19 /* Build configuration list for PBXNativeTarget "RssReaderTests" */;
			buildPhases = (
				09B8032B2590CF9300CA2D19 /* Sources */,
				09B8032C2590CF9300CA2D19 /* Frameworks */,
				09B8032D2590CF9300CA2D19 /* Resources */,
			);
			buildRules = (
			);
			dependencies = (
				09B803312590CF9300CA2D19 /* PBXTargetDependency */,
			);
			name = RssReaderTests;
			productName = RssReaderTests;
			productReference = 09B8032F2590CF9300CA2D19 /* RssReaderTests.xctest */;
			productType = "com.apple.product-type.bundle.unit-test";
		};
		09B803392590CF9300CA2D19 /* RssReaderUITests */ = {
			isa = PBXNativeTarget;
			buildConfigurationList = 09B803492590CF9300CA2D19 /* Build configuration list for PBXNativeTarget "RssReaderUITests" */;
			buildPhases = (
				09B803362590CF9300CA2D19 /* Sources */,
				09B803372590CF9300CA2D19 /* Frameworks */,
				09B803382590CF9300CA2D19 /* Resources */,
			);
			buildRules = (
			);
			dependencies = (
				09B8033C2590CF9300CA2D19 /* PBXTargetDependency */,
			);
			name = RssReaderUITests;
			productName = RssReaderUITests;
			productReference = 09B8033A2590CF9300CA2D19 /* RssReaderUITests.xctest */;
			productType = "com.apple.product-type.bundle.ui-testing";
		};
/* End PBXNativeTarget section */

/* Begin PBXProject section */
		09B803112590CF9100CA2D19 /* Project object */ = {
			isa = PBXProject;
			attributes = {
				LastSwiftUpdateCheck = 1220;
				LastUpgradeCheck = 1220;
				TargetAttributes = {
					09B803182590CF9100CA2D19 = {
						CreatedOnToolsVersion = 12.2;
					};
					09B8032E2590CF9300CA2D19 = {
						CreatedOnToolsVersion = 12.2;
						TestTargetID = 09B803182590CF9100CA2D19;
					};
					09B803392590CF9300CA2D19 = {
						CreatedOnToolsVersion = 12.2;
						TestTargetID = 09B803182590CF9100CA2D19;
					};
				};
			};
			buildConfigurationList = 09B803142590CF9100CA2D19 /* Build configuration list for PBXProject "RssReader" */;
			compatibilityVersion = "Xcode 9.3";
			developmentRegion = en;
			hasScannedForEncodings = 0;
			knownRegions = (
				en,
				Base,
			);
			mainGroup = 09B803102590CF9100CA2D19;
			productRefGroup = 09B8031A2590CF9100CA2D19 /* Products */;
			projectDirPath = "";
			projectRoot = "";
			targets = (
				09B803182590CF9100CA2D19 /* RssReader */,
				09B8032E2590CF9300CA2D19 /* RssReaderTests */,
				09B803392590CF9300CA2D19 /* RssReaderUITests */,
			);
		};
/* End PBXProject section */

/* Begin PBXResourcesBuildPhase section */
		09B803172590CF9100CA2D19 /* Resources */ = {
			isa = PBXResourcesBuildPhase;
			buildActionMask = 2147483647;
			files = (
				09B803292590CF9200CA2D19 /* LaunchScreen.storyboard in Resources */,
				09B803262590CF9200CA2D19 /* Assets.xcassets in Resources */,
				09B803242590CF9100CA2D19 /* Main.storyboard in Resources */,
			);
			runOnlyForDeploymentPostprocessing = 0;
		};
		09B8032D2590CF9300CA2D19 /* Resources */ = {
			isa = PBXResourcesBuildPhase;
			buildActionMask = 2147483647;
			files = (
			);
			runOnlyForDeploymentPostprocessing = 0;
		};
		09B803382590CF9300CA2D19 /* Resources */ = {
			isa = PBXResourcesBuildPhase;
			buildActionMask = 2147483647;
			files = (
			);
			runOnlyForDeploymentPostprocessing = 0;
		};
/* End PBXResourcesBuildPhase section */

/* Begin PBXSourcesBuildPhase section */
		09B803152590CF9100CA2D19 /* Sources */ = {
			isa = PBXSourcesBuildPhase;
			buildActionMask = 2147483647;
			files = (
				09B803212590CF9100CA2D19 /* ViewController.swift in Sources */,
				09B8031D2590CF9100CA2D19 /* AppDelegate.swift in Sources */,
				09B8031F2590CF9100CA2D19 /* SceneDelegate.swift in Sources */,
			);
			runOnlyForDeploymentPostprocessing = 0;
		};
		09B8032B2590CF9300CA2D19 /* Sources */ = {
			isa = PBXSourcesBuildPhase;
			buildActionMask = 2147483647;
			files = (
				09B803342590CF9300CA2D19 /* RssReaderTests.swift in Sources */,
			);
			runOnlyForDeploymentPostprocessing = 0;
		};
		09B803362590CF9300CA2D19 /* Sources */ = {
			isa = PBXSourcesBuildPhase;
			buildActionMask = 2147483647;
			files = (
				09B8033F2590CF9300CA2D19 /* RssReaderUITests.swift in Sources */,
			);
			runOnlyForDeploymentPostprocessing = 0;
		};
/* End PBXSourcesBuildPhase section */

/* Begin PBXTargetDependency section */
		09B803312590CF9300CA2D19 /* PBXTargetDependency */ = {
			isa = PBXTargetDependency;
			target = 09B803182590CF9100CA2D19 /* RssReader */;
			targetProxy = 09B803302590CF9300CA2D19 /* PBXContainerItemProxy */;
		};
		09B8033C2590CF9300CA2D19 /* PBXTargetDependency */ = {
			isa = PBXTargetDependency;
			target = 09B803182590CF9100CA2D19 /* RssReader */;
			targetProxy = 09B8033B2590CF9300CA2D19 /* PBXContainerItemProxy */;
		};
/* End PBXTargetDependency section */

/* Begin PBXVariantGroup section */
		09B803222590CF9100CA2D19 /* Main.storyboard */ = {
			isa = PBXVariantGroup;
			children = (
				09B803232590CF9100CA2D19 /* Base */,
			);
			name = Main.storyboard;
			sourceTree = "<group>";
		};
		09B803272590CF9200CA2D19 /* LaunchScreen.storyboard */ = {
			isa = PBXVariantGroup;
			children = (
				09B803282590CF9200CA2D19 /* Base */,
			);
			name = LaunchScreen.storyboard;
			sourceTree = "<group>";
		};
/* End PBXVariantGroup section */

/* Begin XCBuildConfiguration section */
		09B803412590CF9300CA2D19 /* Debug */ = {
			isa = XCBuildConfiguration;
			buildSettings = {
				ALWAYS_SEARCH_USER_PATHS = NO;
				CLANG_ANALYZER_NONNULL = YES;
				CLANG_ANALYZER_NUMBER_OBJECT_CONVERSION = YES_AGGRESSIVE;
				CLANG_CXX_LANGUAGE_STANDARD = "gnu++14";
				CLANG_CXX_LIBRARY = "libc++";
				CLANG_ENABLE_MODULES = YES;
				CLANG_ENABLE_OBJC_ARC = YES;
				CLANG_ENABLE_OBJC_WEAK = YES;
				CLANG_WARN_BLOCK_CAPTURE_AUTORELEASING = YES;
				CLANG_WARN_BOOL_CONVERSION = YES;
				CLANG_WARN_COMMA = YES;
				CLANG_WARN_CONSTANT_CONVERSION = YES;
				CLANG_WARN_DEPRECATED_OBJC_IMPLEMENTATIONS = YES;
				CLANG_WARN_DIRECT_OBJC_ISA_USAGE = YES_ERROR;
				CLANG_WARN_DOCUMENTATION_COMMENTS = YES;
				CLANG_WARN_EMPTY_BODY = YES;
				CLANG_WARN_ENUM_CONVERSION = YES;
				CLANG_WARN_INFINITE_RECURSION = YES;
				CLANG_WARN_INT_CONVERSION = YES;
				CLANG_WARN_NON_LITERAL_NULL_CONVERSION = YES;
				CLANG_WARN_OBJC_IMPLICIT_RETAIN_SELF = YES;
				CLANG_WARN_OBJC_LITERAL_CONVERSION = YES;
				CLANG_WARN_OBJC_ROOT_CLASS = YES_ERROR;
				CLANG_WARN_QUOTED_INCLUDE_IN_FRAMEWORK_HEADER = YES;
				CLANG_WARN_RANGE_LOOP_ANALYSIS = YES;
				CLANG_WARN_STRICT_PROTOTYPES = YES;
				CLANG_WARN_SUSPICIOUS_MOVE = YES;
				CLANG_WARN_UNGUARDED_AVAILABILITY = YES_AGGRESSIVE;
				CLANG_WARN_UNREACHABLE_CODE = YES;
				CLANG_WARN__DUPLICATE_METHOD_MATCH = YES;
				COPY_PHASE_STRIP = NO;
				DEBUG_INFORMATION_FORMAT = dwarf;
				ENABLE_STRICT_OBJC_MSGSEND = YES;
				ENABLE_TESTABILITY = YES;
				GCC_C_LANGUAGE_STANDARD = gnu11;
				GCC_DYNAMIC_NO_PIC = NO;
				GCC_NO_COMMON_BLOCKS = YES;
				GCC_OPTIMIZATION_LEVEL = 0;
				GCC_PREPROCESSOR_DEFINITIONS = (
					"DEBUG=1",
					"$(inherited)",
				);
				GCC_WARN_64_TO_32_BIT_CONVERSION = YES;
				GCC_WARN_ABOUT_RETURN_TYPE = YES_ERROR;
				GCC_WARN_UNDECLARED_SELECTOR = YES;
				GCC_WARN_UNINITIALIZED_AUTOS = YES_AGGRESSIVE;
				GCC_WARN_UNUSED_FUNCTION = YES;
				GCC_WARN_UNUSED_VARIABLE = YES;
				IPHONEOS_DEPLOYMENT_TARGET = 14.2;
				MTL_ENABLE_DEBUG_INFO = INCLUDE_SOURCE;
				MTL_FAST_MATH = YES;
				ONLY_ACTIVE_ARCH = YES;
				SDKROOT = iphoneos;
				SWIFT_ACTIVE_COMPILATION_CONDITIONS = DEBUG;
				SWIFT_OPTIMIZATION_LEVEL = "-Onone";
			};
			name = Debug;
		};
		09B803422590CF9300CA2D19 /* Release */ = {
			isa = XCBuildConfiguration;
			buildSettings = {
				ALWAYS_SEARCH_USER_PATHS = NO;
				CLANG_ANALYZER_NONNULL = YES;
				CLANG_ANALYZER_NUMBER_OBJECT_CONVERSION = YES_AGGRESSIVE;
				CLANG_CXX_LANGUAGE_STANDARD = "gnu++14";
				CLANG_CXX_LIBRARY = "libc++";
				CLANG_ENABLE_MODULES = YES;
				CLANG_ENABLE_OBJC_ARC = YES;
				CLANG_ENABLE_OBJC_WEAK = YES;
				CLANG_WARN_BLOCK_CAPTURE_AUTORELEASING = YES;
				CLANG_WARN_BOOL_CONVERSION = YES;
				CLANG_WARN_COMMA = YES;
				CLANG_WARN_CONSTANT_CONVERSION = YES;
				CLANG_WARN_DEPRECATED_OBJC_IMPLEMENTATIONS = YES;
				CLANG_WARN_DIRECT_OBJC_ISA_USAGE = YES_ERROR;
				CLANG_WARN_DOCUMENTATION_COMMENTS = YES;
				CLANG_WARN_EMPTY_BODY = YES;
				CLANG_WARN_ENUM_CONVERSION = YES;
				CLANG_WARN_INFINITE_RECURSION = YES;
				CLANG_WARN_INT_CONVERSION = YES;
				CLANG_WARN_NON_LITERAL_NULL_CONVERSION = YES;
				CLANG_WARN_OBJC_IMPLICIT_RETAIN_SELF = YES;
				CLANG_WARN_OBJC_LITERAL_CONVERSION = YES;
				CLANG_WARN_OBJC_ROOT_CLASS = YES_ERROR;
				CLANG_WARN_QUOTED_INCLUDE_IN_FRAMEWORK_HEADER = YES;
				CLANG_WARN_RANGE_LOOP_ANALYSIS = YES;
				CLANG_WARN_STRICT_PROTOTYPES = YES;
				CLANG_WARN_SUSPICIOUS_MOVE = YES;
				CLANG_WARN_UNGUARDED_AVAILABILITY = YES_AGGRESSIVE;
				CLANG_WARN_UNREACHABLE_CODE = YES;
				CLANG_WARN__DUPLICATE_METHOD_MATCH = YES;
				COPY_PHASE_STRIP = NO;
				DEBUG_INFORMATION_FORMAT = "dwarf-with-dsym";
				ENABLE_NS_ASSERTIONS = NO;
				ENABLE_STRICT_OBJC_MSGSEND = YES;
				GCC_C_LANGUAGE_STANDARD = gnu11;
				GCC_NO_COMMON_BLOCKS = YES;
				GCC_WARN_64_TO_32_BIT_CONVERSION = YES;
				GCC_WARN_ABOUT_RETURN_TYPE = YES_ERROR;
				GCC_WARN_UNDECLARED_SELECTOR = YES;
				GCC_WARN_UNINITIALIZED_AUTOS = YES_AGGRESSIVE;
				GCC_WARN_UNUSED_FUNCTION = YES;
				GCC_WARN_UNUSED_VARIABLE = YES;
				IPHONEOS_DEPLOYMENT_TARGET = 14.2;
				MTL_ENABLE_DEBUG_INFO = NO;
				MTL_FAST_MATH = YES;
				SDKROOT = iphoneos;
				SWIFT_COMPILATION_MODE = wholemodule;
				SWIFT_OPTIMIZATION_LEVEL = "-O";
				VALIDATE_PRODUCT = YES;
			};
			name = Release;
		};
		09B803442590CF9300CA2D19 /* Debug */ = {
			isa = XCBuildConfiguration;
			buildSettings = {
				ASSETCATALOG_COMPILER_APPICON_NAME = AppIcon;
				ASSETCATALOG_COMPILER_GLOBAL_ACCENT_COLOR_NAME = AccentColor;
				CODE_SIGN_STYLE = Automatic;
				DEVELOPMENT_TEAM = 58F4SK879Y;
				INFOPLIST_FILE = RssReader/Info.plist;
				LD_RUNPATH_SEARCH_PATHS = (
					"$(inherited)",
					"@executable_path/Frameworks",
				);
				PRODUCT_BUNDLE_IDENTIFIER = terry.RssReader;
				PRODUCT_NAME = "$(TARGET_NAME)";
				SWIFT_VERSION = 5.0;
				TARGETED_DEVICE_FAMILY = "1,2";
			};
			name = Debug;
		};
		09B803452590CF9300CA2D19 /* Release */ = {
			isa = XCBuildConfiguration;
			buildSettings = {
				ASSETCATALOG_COMPILER_APPICON_NAME = AppIcon;
				ASSETCATALOG_COMPILER_GLOBAL_ACCENT_COLOR_NAME = AccentColor;
				CODE_SIGN_STYLE = Automatic;
				DEVELOPMENT_TEAM = 58F4SK879Y;
				INFOPLIST_FILE = RssReader/Info.plist;
				LD_RUNPATH_SEARCH_PATHS = (
					"$(inherited)",
					"@executable_path/Frameworks",
				);
				PRODUCT_BUNDLE_IDENTIFIER = terry.RssReader;
				PRODUCT_NAME = "$(TARGET_NAME)";
				SWIFT_VERSION = 5.0;
				TARGETED_DEVICE_FAMILY = "1,2";
			};
			name = Release;
		};
		09B803472590CF9300CA2D19 /* Debug */ = {
			isa = XCBuildConfiguration;
			buildSettings = {
				ALWAYS_EMBED_SWIFT_STANDARD_LIBRARIES = YES;
				BUNDLE_LOADER = "$(TEST_HOST)";
				CODE_SIGN_STYLE = Automatic;
				DEVELOPMENT_TEAM = 58F4SK879Y;
				INFOPLIST_FILE = RssReaderTests/Info.plist;
				IPHONEOS_DEPLOYMENT_TARGET = 14.2;
				LD_RUNPATH_SEARCH_PATHS = (
					"$(inherited)",
					"@executable_path/Frameworks",
					"@loader_path/Frameworks",
				);
				PRODUCT_BUNDLE_IDENTIFIER = terry.RssReaderTests;
				PRODUCT_NAME = "$(TARGET_NAME)";
				SWIFT_VERSION = 5.0;
				TARGETED_DEVICE_FAMILY = "1,2";
				TEST_HOST = "$(BUILT_PRODUCTS_DIR)/RssReader.app/RssReader";
			};
			name = Debug;
		};
		09B803482590CF9300CA2D19 /* Release */ = {
			isa = XCBuildConfiguration;
			buildSettings = {
				ALWAYS_EMBED_SWIFT_STANDARD_LIBRARIES = YES;
				BUNDLE_LOADER = "$(TEST_HOST)";
				CODE_SIGN_STYLE = Automatic;
				DEVELOPMENT_TEAM = 58F4SK879Y;
				INFOPLIST_FILE = RssReaderTests/Info.plist;
				IPHONEOS_DEPLOYMENT_TARGET = 14.2;
				LD_RUNPATH_SEARCH_PATHS = (
					"$(inherited)",
					"@executable_path/Frameworks",
					"@loader_path/Frameworks",
				);
				PRODUCT_BUNDLE_IDENTIFIER = terry.RssReaderTests;
				PRODUCT_NAME = "$(TARGET_NAME)";
				SWIFT_VERSION = 5.0;
				TARGETED_DEVICE_FAMILY = "1,2";
				TEST_HOST = "$(BUILT_PRODUCTS_DIR)/RssReader.app/RssReader";
			};
			name = Release;
		};
		09B8034A2590CF9300CA2D19 /* Debug */ = {
			isa = XCBuildConfiguration;
			buildSettings = {
				ALWAYS_EMBED_SWIFT_STANDARD_LIBRARIES = YES;
				CODE_SIGN_STYLE = Automatic;
				DEVELOPMENT_TEAM = 58F4SK879Y;
				INFOPLIST_FILE = RssReaderUITests/Info.plist;
				LD_RUNPATH_SEARCH_PATHS = (
					"$(inherited)",
					"@executable_path/Frameworks",
					"@loader_path/Frameworks",
				);
				PRODUCT_BUNDLE_IDENTIFIER = terry.RssReaderUITests;
				PRODUCT_NAME = "$(TARGET_NAME)";
				SWIFT_VERSION = 5.0;
				TARGETED_DEVICE_FAMILY = "1,2";
				TEST_TARGET_NAME = RssReader;
			};
			name = Debug;
		};
		09B8034B2590CF9300CA2D19 /* Release */ = {
			isa = XCBuildConfiguration;
			buildSettings = {
				ALWAYS_EMBED_SWIFT_STANDARD_LIBRARIES = YES;
				CODE_SIGN_STYLE = Automatic;
				DEVELOPMENT_TEAM = 58F4SK879Y;
				INFOPLIST_FILE = RssReaderUITests/Info.plist;
				LD_RUNPATH_SEARCH_PATHS = (
					"$(inherited)",
					"@executable_path/Frameworks",
					"@loader_path/Frameworks",
				);
				PRODUCT_BUNDLE_IDENTIFIER = terry.RssReaderUITests;
				PRODUCT_NAME = "$(TARGET_NAME)";
				SWIFT_VERSION = 5.0;
				TARGETED_DEVICE_FAMILY = "1,2";
				TEST_TARGET_NAME = RssReader;
			};
			name = Release;
		};
/* End XCBuildConfiguration section */

/* Begin XCConfigurationList section */
		09B803142590CF9100CA2D19 /* Build configuration list for PBXProject "RssReader" */ = {
			isa = XCConfigurationList;
			buildConfigurations = (
				09B803412590CF9300CA2D19 /* Debug */,
				09B803422590CF9300CA2D19 /* Release */,
			);
			defaultConfigurationIsVisible = 0;
			defaultConfigurationName = Release;
		};
		09B803432590CF9300CA2D19 /* Build configuration list for PBXNativeTarget "RssReader" */ = {
			isa = XCConfigurationList;
			buildConfigurations = (
				09B803442590CF9300CA2D19 /* Debug */,
				09B803452590CF9300CA2D19 /* Release */,
			);
			defaultConfigurationIsVisible = 0;
			defaultConfigurationName = Release;
		};
		09B803462590CF9300CA2D19 /* Build configuration list for PBXNativeTarget "RssReaderTests" */ = {
			isa = XCConfigurationList;
			buildConfigurations = (
				09B803472590CF9300CA2D19 /* Debug */,
				09B803482590CF9300CA2D19 /* Release */,
			);
			defaultConfigurationIsVisible = 0;
			defaultConfigurationName = Release;
		};
		09B803492590CF9300CA2D19 /* Build configuration list for PBXNativeTarget "RssReaderUITests" */ = {
			isa = XCConfigurationList;
			buildConfigurations = (
				09B8034A2590CF9300CA2D19 /* Debug */,
				09B8034B2590CF9300CA2D19 /* Release */,
			);
			defaultConfigurationIsVisible = 0;
			defaultConfigurationName = Release;
		};
/* End XCConfigurationList section */
	};
	rootObject = 09B803112590CF9100CA2D19 /* Project object */;
}
