// !$*UTF8*$!
{
	archiveVersion = 1;
	classes = {
	};
	objectVersion = 51;
	objects = {

/* Begin PBXBuildFile section */
		091251D725E5F92F00F9CFCA /* ArticleDetail.storyboard in Resources */ = {isa = PBXBuildFile; fileRef = 091251D625E5F92F00F9CFCA /* ArticleDetail.storyboard */; };
		091251DC25E629E800F9CFCA /* ArticleDetailViewController.swift in Sources */ = {isa = PBXBuildFile; fileRef = 091251DB25E629E800F9CFCA /* ArticleDetailViewController.swift */; };
		0912520C25E687BD00F9CFCA /* FilterMenu.storyboard in Resources */ = {isa = PBXBuildFile; fileRef = 0912520B25E687BD00F9CFCA /* FilterMenu.storyboard */; };
		0912521125E68D1300F9CFCA /* FilterModel.swift in Sources */ = {isa = PBXBuildFile; fileRef = 0912521025E68D1300F9CFCA /* FilterModel.swift */; };
		0912521B25E7D7E000F9CFCA /* FilterMenuViewController.swift in Sources */ = {isa = PBXBuildFile; fileRef = 0912521A25E7D7E000F9CFCA /* FilterMenuViewController.swift */; };
		0912522825E7F1CC00F9CFCA /* ContainReadTableViewCell.xib in Resources */ = {isa = PBXBuildFile; fileRef = 0912522725E7F1CC00F9CFCA /* ContainReadTableViewCell.xib */; };
		0912525525E7F43100F9CFCA /* SortTypeTableViewCell.xib in Resources */ = {isa = PBXBuildFile; fileRef = 0912525425E7F43100F9CFCA /* SortTypeTableViewCell.xib */; };
		0912525A25E7F68000F9CFCA /* ContainReadTableViewCell.swift in Sources */ = {isa = PBXBuildFile; fileRef = 0912525925E7F68000F9CFCA /* ContainReadTableViewCell.swift */; };
		0912525F25E7F77400F9CFCA /* SortTypeTableViewCell.swift in Sources */ = {isa = PBXBuildFile; fileRef = 0912525E25E7F77400F9CFCA /* SortTypeTableViewCell.swift */; };
		0912526425E7FE8B00F9CFCA /* OrderByTableViewCell.xib in Resources */ = {isa = PBXBuildFile; fileRef = 0912526325E7FE8B00F9CFCA /* OrderByTableViewCell.xib */; };
		0912526925E8087D00F9CFCA /* OrderByTableViewCell.swift in Sources */ = {isa = PBXBuildFile; fileRef = 0912526825E8087D00F9CFCA /* OrderByTableViewCell.swift */; };
		0912526E25E80D4800F9CFCA /* PubDateAfterTableViewCell.xib in Resources */ = {isa = PBXBuildFile; fileRef = 0912526D25E80D4800F9CFCA /* PubDateAfterTableViewCell.xib */; };
		0912527325E80F3500F9CFCA /* PubDateAfterTableViewCell.swift in Sources */ = {isa = PBXBuildFile; fileRef = 0912527225E80F3500F9CFCA /* PubDateAfterTableViewCell.swift */; };
		0912527825E87AA100F9CFCA /* RssFeedDisplayTableViewCell.xib in Resources */ = {isa = PBXBuildFile; fileRef = 0912527725E87AA100F9CFCA /* RssFeedDisplayTableViewCell.xib */; };
		0912527D25E87E8700F9CFCA /* RssFeedDisplayTableViewCell.swift in Sources */ = {isa = PBXBuildFile; fileRef = 0912527C25E87E8700F9CFCA /* RssFeedDisplayTableViewCell.swift */; };
		0912528225E8C43200F9CFCA /* ArticleTableViewCell.xib in Resources */ = {isa = PBXBuildFile; fileRef = 0912528125E8C43200F9CFCA /* ArticleTableViewCell.xib */; };
		0912528725E8C92800F9CFCA /* ArticleTableViewCell.swift in Sources */ = {isa = PBXBuildFile; fileRef = 0912528625E8C92800F9CFCA /* ArticleTableViewCell.swift */; };
		0912529425E8D30A00F9CFCA /* StarList.storyboard in Resources */ = {isa = PBXBuildFile; fileRef = 0912529325E8D30A00F9CFCA /* StarList.storyboard */; };
		0912529925E8DD3D00F9CFCA /* StarListViewController.swift in Sources */ = {isa = PBXBuildFile; fileRef = 0912529825E8DD3D00F9CFCA /* StarListViewController.swift */; };
		0912529E25E9190700F9CFCA /* LaterReadList.storyboard in Resources */ = {isa = PBXBuildFile; fileRef = 0912529D25E9190700F9CFCA /* LaterReadList.storyboard */; };
		091252A325E9195F00F9CFCA /* LaterReadListViewController.swift in Sources */ = {isa = PBXBuildFile; fileRef = 091252A225E9195F00F9CFCA /* LaterReadListViewController.swift */; };
		09174EAA25E403A600756E6D /* SelectYahooTag.storyboard in Resources */ = {isa = PBXBuildFile; fileRef = 09174EA925E403A600756E6D /* SelectYahooTag.storyboard */; };
		09174EAF25E405D700756E6D /* SelectYahooTagViewController.swift in Sources */ = {isa = PBXBuildFile; fileRef = 09174EAE25E405D700756E6D /* SelectYahooTagViewController.swift */; };
		09174ED925E53ADC00756E6D /* CommonData.swift in Sources */ = {isa = PBXBuildFile; fileRef = 09174ED825E53ADC00756E6D /* CommonData.swift */; };
		09174EE425E573E100756E6D /* AddNewRssFeedTableViewCell.xib in Resources */ = {isa = PBXBuildFile; fileRef = 09174EE325E573E100756E6D /* AddNewRssFeedTableViewCell.xib */; };
		091C89DD2606E0F2003AE7B6 /* LoginViewController.swift in Sources */ = {isa = PBXBuildFile; fileRef = 091C89DC2606E0F2003AE7B6 /* LoginViewController.swift */; };
		095F95F225985F52007DC2D5 /* SelectRssFeedViewController.swift in Sources */ = {isa = PBXBuildFile; fileRef = 095F95F125985F52007DC2D5 /* SelectRssFeedViewController.swift */; };
		095F95F725985F88007DC2D5 /* SelectRssFeed.storyboard in Resources */ = {isa = PBXBuildFile; fileRef = 095F95F625985F88007DC2D5 /* SelectRssFeed.storyboard */; };
		095FDBEC25A754E2007C8922 /* CommonRouter.swift in Sources */ = {isa = PBXBuildFile; fileRef = 095FDBEB25A754E2007C8922 /* CommonRouter.swift */; };
		09688C5525F289A9007925B3 /* ArticleCollectionViewCell.xib in Resources */ = {isa = PBXBuildFile; fileRef = 09688C5425F289A9007925B3 /* ArticleCollectionViewCell.xib */; };
		09688C5A25F294D9007925B3 /* ArticleCollectionViewCell.swift in Sources */ = {isa = PBXBuildFile; fileRef = 09688C5925F294D9007925B3 /* ArticleCollectionViewCell.swift */; };
		09688C5F25F36C07007925B3 /* DisplayMode.xib in Resources */ = {isa = PBXBuildFile; fileRef = 09688C5E25F36C07007925B3 /* DisplayMode.xib */; };
		09688C7425F36EB4007925B3 /* DisplayModeTableViewCell.swift in Sources */ = {isa = PBXBuildFile; fileRef = 09688C7325F36EB4007925B3 /* DisplayModeTableViewCell.swift */; };
		09688C7925F3788D007925B3 /* PreviewViewController.swift in Sources */ = {isa = PBXBuildFile; fileRef = 09688C7825F3788D007925B3 /* PreviewViewController.swift */; };
		096A1AA625D7CC8300EBC589 /* RssFeed.swift in Sources */ = {isa = PBXBuildFile; fileRef = 096A1AA525D7CC8300EBC589 /* RssFeed.swift */; };
		096A1AAD25D7CD9A00EBC589 /* QiitaType.swift in Sources */ = {isa = PBXBuildFile; fileRef = 096A1AAC25D7CD9A00EBC589 /* QiitaType.swift */; };
		096A1AB625D7CE3E00EBC589 /* YahooTag.swift in Sources */ = {isa = PBXBuildFile; fileRef = 096A1AB525D7CE3E00EBC589 /* YahooTag.swift */; };
		096A1ABE25D7CECD00EBC589 /* YahooType.swift in Sources */ = {isa = PBXBuildFile; fileRef = 096A1ABD25D7CECD00EBC589 /* YahooType.swift */; };
		096A1ACB25D8E13700EBC589 /* RssFeedListModel.swift in Sources */ = {isa = PBXBuildFile; fileRef = 096A1ACA25D8E13700EBC589 /* RssFeedListModel.swift */; };
		096A1B2425DA554600EBC589 /* Extension_Dictionary.swift in Sources */ = {isa = PBXBuildFile; fileRef = 096A1B2325DA554600EBC589 /* Extension_Dictionary.swift */; };
		0975611625B2985A007B0D3F /* DummyModel.swift in Sources */ = {isa = PBXBuildFile; fileRef = 0975611425B2985A007B0D3F /* DummyModel.swift */; };
		0975611725B2985A007B0D3F /* DummyRouter.swift in Sources */ = {isa = PBXBuildFile; fileRef = 0975611525B2985A007B0D3F /* DummyRouter.swift */; };
		0975613F25B73155007B0D3F /* ArticleList.swift in Sources */ = {isa = PBXBuildFile; fileRef = 0975613E25B73155007B0D3F /* ArticleList.swift */; };
		0975614425B731CF007B0D3F /* RssClient.swift in Sources */ = {isa = PBXBuildFile; fileRef = 0975614325B731CF007B0D3F /* RssClient.swift */; };
		0975615725B85F50007B0D3F /* MainTabBarController.swift in Sources */ = {isa = PBXBuildFile; fileRef = 0975615625B85F50007B0D3F /* MainTabBarController.swift */; };
		097AFF9F25C07736007AC6FA /* ArticleListRouter.swift in Sources */ = {isa = PBXBuildFile; fileRef = 097AFF9E25C07735007AC6FA /* ArticleListRouter.swift */; };
		097DC1E125EF752E00DAE7BD /* FetchTimeInterval.xib in Resources */ = {isa = PBXBuildFile; fileRef = 097DC1E025EF752E00DAE7BD /* FetchTimeInterval.xib */; };
		097DC1EE25EF7B6D00DAE7BD /* FetchTimeIntervalTableViewCell.swift in Sources */ = {isa = PBXBuildFile; fileRef = 097DC1ED25EF7B6D00DAE7BD /* FetchTimeIntervalTableViewCell.swift */; };
		0983205125DFF0A700AA8662 /* SelectRssFeedType.storyboard in Resources */ = {isa = PBXBuildFile; fileRef = 0983205025DFF0A700AA8662 /* SelectRssFeedType.storyboard */; };
		0983205625DFF92000AA8662 /* SelectRssFeedTypeViewController.swift in Sources */ = {isa = PBXBuildFile; fileRef = 0983205525DFF92000AA8662 /* SelectRssFeedTypeViewController.swift */; };
		098D56C1259375BC00EAD41F /* Transitioner.swift in Sources */ = {isa = PBXBuildFile; fileRef = 098D56C0259375BC00EAD41F /* Transitioner.swift */; };
		09902EF42611056A00B2B9A0 /* MailLogin.storyboard in Resources */ = {isa = PBXBuildFile; fileRef = 09902EF32611056A00B2B9A0 /* MailLogin.storyboard */; };
		09902EFA2611084300B2B9A0 /* MailLoginViewController.swift in Sources */ = {isa = PBXBuildFile; fileRef = 09902EF92611084300B2B9A0 /* MailLoginViewController.swift */; };
		09902F032611B25100B2B9A0 /* AccountProperty.storyboard in Resources */ = {isa = PBXBuildFile; fileRef = 09902F022611B25100B2B9A0 /* AccountProperty.storyboard */; };
		09902F082611B48200B2B9A0 /* AccountPropertyViewController.swift in Sources */ = {isa = PBXBuildFile; fileRef = 09902F072611B48200B2B9A0 /* AccountPropertyViewController.swift */; };
		09902F77261AFCF800B2B9A0 /* LoginViewTests.swift in Sources */ = {isa = PBXBuildFile; fileRef = 09902F76261AFCF800B2B9A0 /* LoginViewTests.swift */; };
		09902F9C261EB41700B2B9A0 /* LoginViewUITests.swift in Sources */ = {isa = PBXBuildFile; fileRef = 09902F9B261EB41600B2B9A0 /* LoginViewUITests.swift */; };
		09902FA7261FF7D300B2B9A0 /* PageObjectable.swift in Sources */ = {isa = PBXBuildFile; fileRef = 09902FA6261FF7D300B2B9A0 /* PageObjectable.swift */; };
		09902FAD261FFF4E00B2B9A0 /* LoginViewPage.swift in Sources */ = {isa = PBXBuildFile; fileRef = 09902FAC261FFF4E00B2B9A0 /* LoginViewPage.swift */; };
		09902FB6262036DF00B2B9A0 /* DummyLoginAlert.swift in Sources */ = {isa = PBXBuildFile; fileRef = 09902FB5262036DF00B2B9A0 /* DummyLoginAlert.swift */; };
		09902FC52623E99A00B2B9A0 /* MailLoginViewPage.swift in Sources */ = {isa = PBXBuildFile; fileRef = 09902FC42623E99A00B2B9A0 /* MailLoginViewPage.swift */; };
		099BB88A25DCA816003AF947 /* Setting.storyboard in Resources */ = {isa = PBXBuildFile; fileRef = 099BB88925DCA816003AF947 /* Setting.storyboard */; };
		099BB88F25DCDAA8003AF947 /* SettingViewController.swift in Sources */ = {isa = PBXBuildFile; fileRef = 099BB88E25DCDAA8003AF947 /* SettingViewController.swift */; };
		099BB89525DD035A003AF947 /* AccountProperty.xib in Resources */ = {isa = PBXBuildFile; fileRef = 099BB89425DD035A003AF947 /* AccountProperty.xib */; };
		099BB89A25DD05DB003AF947 /* RssFeedTableViewCell.xib in Resources */ = {isa = PBXBuildFile; fileRef = 099BB89925DD05DB003AF947 /* RssFeedTableViewCell.xib */; };
		099BB89F25DD0672003AF947 /* RssFeedTableViewCell.swift in Sources */ = {isa = PBXBuildFile; fileRef = 099BB89E25DD0672003AF947 /* RssFeedTableViewCell.swift */; };
		099BB8A825DD1171003AF947 /* AccountPropertyTableViewCell.swift in Sources */ = {isa = PBXBuildFile; fileRef = 099BB8A725DD1171003AF947 /* AccountPropertyTableViewCell.swift */; };
		099BB8B325DD5B47003AF947 /* Extension_UINavigationController.swift in Sources */ = {isa = PBXBuildFile; fileRef = 099BB8B225DD5B47003AF947 /* Extension_UINavigationController.swift */; };
		09ACE146259621AC00FDB597 /* GoogleService-Info.plist in Resources */ = {isa = PBXBuildFile; fileRef = 09ACE145259621AC00FDB597 /* GoogleService-Info.plist */; };
		09ACE21C25964E4500FDB597 /* UserConfig.swift in Sources */ = {isa = PBXBuildFile; fileRef = 09ACE21B25964E4500FDB597 /* UserConfig.swift */; };
		09ACE2212597245800FDB597 /* LoginModel.swift in Sources */ = {isa = PBXBuildFile; fileRef = 09ACE2202597245800FDB597 /* LoginModel.swift */; };
		09ACE22F2597275800FDB597 /* Extension_Date.swift in Sources */ = {isa = PBXBuildFile; fileRef = 09ACE22E2597275800FDB597 /* Extension_Date.swift */; };
		09ACE24225977DC100FDB597 /* ArticleListViewController.swift in Sources */ = {isa = PBXBuildFile; fileRef = 09ACE24125977DC100FDB597 /* ArticleListViewController.swift */; };
		09ACE24A25977DED00FDB597 /* ArticleList.storyboard in Resources */ = {isa = PBXBuildFile; fileRef = 09ACE24925977DED00FDB597 /* ArticleList.storyboard */; };
		09B8031D2590CF9100CA2D19 /* AppDelegate.swift in Sources */ = {isa = PBXBuildFile; fileRef = 09B8031C2590CF9100CA2D19 /* AppDelegate.swift */; };
		09B8031F2590CF9100CA2D19 /* SceneDelegate.swift in Sources */ = {isa = PBXBuildFile; fileRef = 09B8031E2590CF9100CA2D19 /* SceneDelegate.swift */; };
		09B803262590CF9200CA2D19 /* Assets.xcassets in Resources */ = {isa = PBXBuildFile; fileRef = 09B803252590CF9200CA2D19 /* Assets.xcassets */; };
		09B803292590CF9200CA2D19 /* LaunchScreen.storyboard in Resources */ = {isa = PBXBuildFile; fileRef = 09B803272590CF9200CA2D19 /* LaunchScreen.storyboard */; };
		09B803342590CF9300CA2D19 /* RssReaderTests.swift in Sources */ = {isa = PBXBuildFile; fileRef = 09B803332590CF9300CA2D19 /* RssReaderTests.swift */; };
		09B8033F2590CF9300CA2D19 /* RssReaderUITests.swift in Sources */ = {isa = PBXBuildFile; fileRef = 09B8033E2590CF9300CA2D19 /* RssReaderUITests.swift */; };
		09EDB06D2608DCC900E2F78A /* Extension_String.swift in Sources */ = {isa = PBXBuildFile; fileRef = 09EDB06C2608DCC900E2F78A /* Extension_String.swift */; };
		51240C2B79579CC049B995C8 /* Pods_RssReader_RssReaderUITests.framework in Frameworks */ = {isa = PBXBuildFile; fileRef = 209C3B4876A542EF5E736DCC /* Pods_RssReader_RssReaderUITests.framework */; };
		EAD3863C6FD605C99A8FB40E /* Pods_RssReader.framework in Frameworks */ = {isa = PBXBuildFile; fileRef = 0136653DDE8FA9F7D8BB3E7F /* Pods_RssReader.framework */; };
		EEF2E4A97B01F99FE0489F93 /* Pods_RssReaderTests.framework in Frameworks */ = {isa = PBXBuildFile; fileRef = 61D136A0224AF4D52DE5BE21 /* Pods_RssReaderTests.framework */; };
/* End PBXBuildFile section */

/* Begin PBXContainerItemProxy section */
		09B803302590CF9300CA2D19 /* PBXContainerItemProxy */ = {
			isa = PBXContainerItemProxy;
			containerPortal = 09B803112590CF9100CA2D19 /* Project object */;
			proxyType = 1;
			remoteGlobalIDString = 09B803182590CF9100CA2D19;
			remoteInfo = RssReader;
		};
		09B8033B2590CF9300CA2D19 /* PBXContainerItemProxy */ = {
			isa = PBXContainerItemProxy;
			containerPortal = 09B803112590CF9100CA2D19 /* Project object */;
			proxyType = 1;
			remoteGlobalIDString = 09B803182590CF9100CA2D19;
			remoteInfo = RssReader;
		};
/* End PBXContainerItemProxy section */

/* Begin PBXFileReference section */
		0136653DDE8FA9F7D8BB3E7F /* Pods_RssReader.framework */ = {isa = PBXFileReference; explicitFileType = wrapper.framework; includeInIndex = 0; path = Pods_RssReader.framework; sourceTree = BUILT_PRODUCTS_DIR; };
		04A153AA19B2DAECA5EE0BE1 /* Pods-RssReader.debugsecure.xcconfig */ = {isa = PBXFileReference; includeInIndex = 1; lastKnownFileType = text.xcconfig; name = "Pods-RssReader.debugsecure.xcconfig"; path = "Target Support Files/Pods-RssReader/Pods-RssReader.debugsecure.xcconfig"; sourceTree = "<group>"; };
		091251D625E5F92F00F9CFCA /* ArticleDetail.storyboard */ = {isa = PBXFileReference; lastKnownFileType = file.storyboard; path = ArticleDetail.storyboard; sourceTree = "<group>"; };
		091251DB25E629E800F9CFCA /* ArticleDetailViewController.swift */ = {isa = PBXFileReference; lastKnownFileType = sourcecode.swift; path = ArticleDetailViewController.swift; sourceTree = "<group>"; };
		0912520B25E687BD00F9CFCA /* FilterMenu.storyboard */ = {isa = PBXFileReference; lastKnownFileType = file.storyboard; path = FilterMenu.storyboard; sourceTree = "<group>"; };
		0912521025E68D1300F9CFCA /* FilterModel.swift */ = {isa = PBXFileReference; lastKnownFileType = sourcecode.swift; path = FilterModel.swift; sourceTree = "<group>"; };
		0912521A25E7D7E000F9CFCA /* FilterMenuViewController.swift */ = {isa = PBXFileReference; lastKnownFileType = sourcecode.swift; path = FilterMenuViewController.swift; sourceTree = "<group>"; };
		0912522725E7F1CC00F9CFCA /* ContainReadTableViewCell.xib */ = {isa = PBXFileReference; lastKnownFileType = file.xib; path = ContainReadTableViewCell.xib; sourceTree = "<group>"; };
		0912525425E7F43100F9CFCA /* SortTypeTableViewCell.xib */ = {isa = PBXFileReference; lastKnownFileType = file.xib; path = SortTypeTableViewCell.xib; sourceTree = "<group>"; };
		0912525925E7F68000F9CFCA /* ContainReadTableViewCell.swift */ = {isa = PBXFileReference; lastKnownFileType = sourcecode.swift; path = ContainReadTableViewCell.swift; sourceTree = "<group>"; };
		0912525E25E7F77400F9CFCA /* SortTypeTableViewCell.swift */ = {isa = PBXFileReference; lastKnownFileType = sourcecode.swift; path = SortTypeTableViewCell.swift; sourceTree = "<group>"; };
		0912526325E7FE8B00F9CFCA /* OrderByTableViewCell.xib */ = {isa = PBXFileReference; lastKnownFileType = file.xib; path = OrderByTableViewCell.xib; sourceTree = "<group>"; };
		0912526825E8087D00F9CFCA /* OrderByTableViewCell.swift */ = {isa = PBXFileReference; lastKnownFileType = sourcecode.swift; path = OrderByTableViewCell.swift; sourceTree = "<group>"; };
		0912526D25E80D4800F9CFCA /* PubDateAfterTableViewCell.xib */ = {isa = PBXFileReference; lastKnownFileType = file.xib; path = PubDateAfterTableViewCell.xib; sourceTree = "<group>"; };
		0912527225E80F3500F9CFCA /* PubDateAfterTableViewCell.swift */ = {isa = PBXFileReference; lastKnownFileType = sourcecode.swift; path = PubDateAfterTableViewCell.swift; sourceTree = "<group>"; };
		0912527725E87AA100F9CFCA /* RssFeedDisplayTableViewCell.xib */ = {isa = PBXFileReference; lastKnownFileType = file.xib; path = RssFeedDisplayTableViewCell.xib; sourceTree = "<group>"; };
		0912527C25E87E8700F9CFCA /* RssFeedDisplayTableViewCell.swift */ = {isa = PBXFileReference; lastKnownFileType = sourcecode.swift; path = RssFeedDisplayTableViewCell.swift; sourceTree = "<group>"; };
		0912528125E8C43200F9CFCA /* ArticleTableViewCell.xib */ = {isa = PBXFileReference; lastKnownFileType = file.xib; path = ArticleTableViewCell.xib; sourceTree = "<group>"; };
		0912528625E8C92800F9CFCA /* ArticleTableViewCell.swift */ = {isa = PBXFileReference; lastKnownFileType = sourcecode.swift; path = ArticleTableViewCell.swift; sourceTree = "<group>"; };
		0912529325E8D30A00F9CFCA /* StarList.storyboard */ = {isa = PBXFileReference; lastKnownFileType = file.storyboard; path = StarList.storyboard; sourceTree = "<group>"; };
		0912529825E8DD3D00F9CFCA /* StarListViewController.swift */ = {isa = PBXFileReference; lastKnownFileType = sourcecode.swift; path = StarListViewController.swift; sourceTree = "<group>"; };
		0912529D25E9190700F9CFCA /* LaterReadList.storyboard */ = {isa = PBXFileReference; lastKnownFileType = file.storyboard; path = LaterReadList.storyboard; sourceTree = "<group>"; };
		091252A225E9195F00F9CFCA /* LaterReadListViewController.swift */ = {isa = PBXFileReference; lastKnownFileType = sourcecode.swift; path = LaterReadListViewController.swift; sourceTree = "<group>"; };
		09174EA925E403A600756E6D /* SelectYahooTag.storyboard */ = {isa = PBXFileReference; lastKnownFileType = file.storyboard; path = SelectYahooTag.storyboard; sourceTree = "<group>"; };
		09174EAE25E405D700756E6D /* SelectYahooTagViewController.swift */ = {isa = PBXFileReference; lastKnownFileType = sourcecode.swift; path = SelectYahooTagViewController.swift; sourceTree = "<group>"; };
		09174ED825E53ADC00756E6D /* CommonData.swift */ = {isa = PBXFileReference; lastKnownFileType = sourcecode.swift; path = CommonData.swift; sourceTree = "<group>"; };
		09174EE325E573E100756E6D /* AddNewRssFeedTableViewCell.xib */ = {isa = PBXFileReference; lastKnownFileType = file.xib; path = AddNewRssFeedTableViewCell.xib; sourceTree = "<group>"; };
		091C89DC2606E0F2003AE7B6 /* LoginViewController.swift */ = {isa = PBXFileReference; lastKnownFileType = sourcecode.swift; path = LoginViewController.swift; sourceTree = "<group>"; };
		095F95F125985F52007DC2D5 /* SelectRssFeedViewController.swift */ = {isa = PBXFileReference; lastKnownFileType = sourcecode.swift; path = SelectRssFeedViewController.swift; sourceTree = "<group>"; };
		095F95F625985F88007DC2D5 /* SelectRssFeed.storyboard */ = {isa = PBXFileReference; lastKnownFileType = file.storyboard; path = SelectRssFeed.storyboard; sourceTree = "<group>"; };
		095FDBEB25A754E2007C8922 /* CommonRouter.swift */ = {isa = PBXFileReference; lastKnownFileType = sourcecode.swift; path = CommonRouter.swift; sourceTree = "<group>"; };
		09688C5425F289A9007925B3 /* ArticleCollectionViewCell.xib */ = {isa = PBXFileReference; lastKnownFileType = file.xib; path = ArticleCollectionViewCell.xib; sourceTree = "<group>"; };
		09688C5925F294D9007925B3 /* ArticleCollectionViewCell.swift */ = {isa = PBXFileReference; lastKnownFileType = sourcecode.swift; path = ArticleCollectionViewCell.swift; sourceTree = "<group>"; };
		09688C5E25F36C07007925B3 /* DisplayMode.xib */ = {isa = PBXFileReference; lastKnownFileType = file.xib; path = DisplayMode.xib; sourceTree = "<group>"; };
		09688C7325F36EB4007925B3 /* DisplayModeTableViewCell.swift */ = {isa = PBXFileReference; lastKnownFileType = sourcecode.swift; path = DisplayModeTableViewCell.swift; sourceTree = "<group>"; };
		09688C7825F3788D007925B3 /* PreviewViewController.swift */ = {isa = PBXFileReference; lastKnownFileType = sourcecode.swift; path = PreviewViewController.swift; sourceTree = "<group>"; };
		096A1AA525D7CC8300EBC589 /* RssFeed.swift */ = {isa = PBXFileReference; lastKnownFileType = sourcecode.swift; path = RssFeed.swift; sourceTree = "<group>"; };
		096A1AAC25D7CD9A00EBC589 /* QiitaType.swift */ = {isa = PBXFileReference; lastKnownFileType = sourcecode.swift; path = QiitaType.swift; sourceTree = "<group>"; };
		096A1AB525D7CE3E00EBC589 /* YahooTag.swift */ = {isa = PBXFileReference; lastKnownFileType = sourcecode.swift; path = YahooTag.swift; sourceTree = "<group>"; };
		096A1ABD25D7CECD00EBC589 /* YahooType.swift */ = {isa = PBXFileReference; lastKnownFileType = sourcecode.swift; path = YahooType.swift; sourceTree = "<group>"; };
		096A1ACA25D8E13700EBC589 /* RssFeedListModel.swift */ = {isa = PBXFileReference; lastKnownFileType = sourcecode.swift; path = RssFeedListModel.swift; sourceTree = "<group>"; };
		096A1B2325DA554600EBC589 /* Extension_Dictionary.swift */ = {isa = PBXFileReference; lastKnownFileType = sourcecode.swift; path = Extension_Dictionary.swift; sourceTree = "<group>"; };
		0975611425B2985A007B0D3F /* DummyModel.swift */ = {isa = PBXFileReference; fileEncoding = 4; lastKnownFileType = sourcecode.swift; path = DummyModel.swift; sourceTree = "<group>"; };
		0975611525B2985A007B0D3F /* DummyRouter.swift */ = {isa = PBXFileReference; fileEncoding = 4; lastKnownFileType = sourcecode.swift; path = DummyRouter.swift; sourceTree = "<group>"; };
		0975613E25B73155007B0D3F /* ArticleList.swift */ = {isa = PBXFileReference; lastKnownFileType = sourcecode.swift; path = ArticleList.swift; sourceTree = "<group>"; };
		0975614325B731CF007B0D3F /* RssClient.swift */ = {isa = PBXFileReference; lastKnownFileType = sourcecode.swift; path = RssClient.swift; sourceTree = "<group>"; };
		0975615625B85F50007B0D3F /* MainTabBarController.swift */ = {isa = PBXFileReference; lastKnownFileType = sourcecode.swift; path = MainTabBarController.swift; sourceTree = "<group>"; };
		097AFF9E25C07735007AC6FA /* ArticleListRouter.swift */ = {isa = PBXFileReference; lastKnownFileType = sourcecode.swift; path = ArticleListRouter.swift; sourceTree = "<group>"; };
		097DC1E025EF752E00DAE7BD /* FetchTimeInterval.xib */ = {isa = PBXFileReference; lastKnownFileType = file.xib; path = FetchTimeInterval.xib; sourceTree = "<group>"; };
		097DC1ED25EF7B6D00DAE7BD /* FetchTimeIntervalTableViewCell.swift */ = {isa = PBXFileReference; lastKnownFileType = sourcecode.swift; path = FetchTimeIntervalTableViewCell.swift; sourceTree = "<group>"; };
		0983205025DFF0A700AA8662 /* SelectRssFeedType.storyboard */ = {isa = PBXFileReference; lastKnownFileType = file.storyboard; path = SelectRssFeedType.storyboard; sourceTree = "<group>"; };
		0983205525DFF92000AA8662 /* SelectRssFeedTypeViewController.swift */ = {isa = PBXFileReference; lastKnownFileType = sourcecode.swift; path = SelectRssFeedTypeViewController.swift; sourceTree = "<group>"; };
		098D56C0259375BC00EAD41F /* Transitioner.swift */ = {isa = PBXFileReference; lastKnownFileType = sourcecode.swift; path = Transitioner.swift; sourceTree = "<group>"; };
		09902EF32611056A00B2B9A0 /* MailLogin.storyboard */ = {isa = PBXFileReference; lastKnownFileType = file.storyboard; path = MailLogin.storyboard; sourceTree = "<group>"; };
		09902EF92611084300B2B9A0 /* MailLoginViewController.swift */ = {isa = PBXFileReference; lastKnownFileType = sourcecode.swift; path = MailLoginViewController.swift; sourceTree = "<group>"; };
		09902F022611B25100B2B9A0 /* AccountProperty.storyboard */ = {isa = PBXFileReference; lastKnownFileType = file.storyboard; path = AccountProperty.storyboard; sourceTree = "<group>"; };
		09902F072611B48200B2B9A0 /* AccountPropertyViewController.swift */ = {isa = PBXFileReference; lastKnownFileType = sourcecode.swift; path = AccountPropertyViewController.swift; sourceTree = "<group>"; };
		09902F76261AFCF800B2B9A0 /* LoginViewTests.swift */ = {isa = PBXFileReference; lastKnownFileType = sourcecode.swift; path = LoginViewTests.swift; sourceTree = "<group>"; };
		09902F9B261EB41600B2B9A0 /* LoginViewUITests.swift */ = {isa = PBXFileReference; lastKnownFileType = sourcecode.swift; path = LoginViewUITests.swift; sourceTree = "<group>"; };
		09902FA6261FF7D300B2B9A0 /* PageObjectable.swift */ = {isa = PBXFileReference; lastKnownFileType = sourcecode.swift; path = PageObjectable.swift; sourceTree = "<group>"; };
		09902FAC261FFF4E00B2B9A0 /* LoginViewPage.swift */ = {isa = PBXFileReference; lastKnownFileType = sourcecode.swift; path = LoginViewPage.swift; sourceTree = "<group>"; };
		09902FB5262036DF00B2B9A0 /* DummyLoginAlert.swift */ = {isa = PBXFileReference; lastKnownFileType = sourcecode.swift; path = DummyLoginAlert.swift; sourceTree = "<group>"; };
		09902FC42623E99A00B2B9A0 /* MailLoginViewPage.swift */ = {isa = PBXFileReference; lastKnownFileType = sourcecode.swift; path = MailLoginViewPage.swift; sourceTree = "<group>"; };
		099BB88925DCA816003AF947 /* Setting.storyboard */ = {isa = PBXFileReference; lastKnownFileType = file.storyboard; path = Setting.storyboard; sourceTree = "<group>"; };
		099BB88E25DCDAA8003AF947 /* SettingViewController.swift */ = {isa = PBXFileReference; lastKnownFileType = sourcecode.swift; path = SettingViewController.swift; sourceTree = "<group>"; };
		099BB89425DD035A003AF947 /* AccountProperty.xib */ = {isa = PBXFileReference; lastKnownFileType = file.xib; path = AccountProperty.xib; sourceTree = "<group>"; };
		099BB89925DD05DB003AF947 /* RssFeedTableViewCell.xib */ = {isa = PBXFileReference; lastKnownFileType = file.xib; path = RssFeedTableViewCell.xib; sourceTree = "<group>"; };
		099BB89E25DD0672003AF947 /* RssFeedTableViewCell.swift */ = {isa = PBXFileReference; lastKnownFileType = sourcecode.swift; path = RssFeedTableViewCell.swift; sourceTree = "<group>"; };
		099BB8A725DD1171003AF947 /* AccountPropertyTableViewCell.swift */ = {isa = PBXFileReference; lastKnownFileType = sourcecode.swift; path = AccountPropertyTableViewCell.swift; sourceTree = "<group>"; };
		099BB8B225DD5B47003AF947 /* Extension_UINavigationController.swift */ = {isa = PBXFileReference; lastKnownFileType = sourcecode.swift; path = Extension_UINavigationController.swift; sourceTree = "<group>"; };
		09ACE145259621AC00FDB597 /* GoogleService-Info.plist */ = {isa = PBXFileReference; fileEncoding = 4; lastKnownFileType = text.plist.xml; name = "GoogleService-Info.plist"; path = "../../../../Downloads/GoogleService-Info.plist"; sourceTree = "<group>"; };
		09ACE21B25964E4500FDB597 /* UserConfig.swift */ = {isa = PBXFileReference; lastKnownFileType = sourcecode.swift; path = UserConfig.swift; sourceTree = "<group>"; };
		09ACE2202597245800FDB597 /* LoginModel.swift */ = {isa = PBXFileReference; lastKnownFileType = sourcecode.swift; path = LoginModel.swift; sourceTree = "<group>"; };
		09ACE22E2597275800FDB597 /* Extension_Date.swift */ = {isa = PBXFileReference; lastKnownFileType = sourcecode.swift; path = Extension_Date.swift; sourceTree = "<group>"; };
		09ACE24125977DC100FDB597 /* ArticleListViewController.swift */ = {isa = PBXFileReference; lastKnownFileType = sourcecode.swift; path = ArticleListViewController.swift; sourceTree = "<group>"; };
		09ACE24925977DED00FDB597 /* ArticleList.storyboard */ = {isa = PBXFileReference; lastKnownFileType = file.storyboard; path = ArticleList.storyboard; sourceTree = "<group>"; };
		09B803192590CF9100CA2D19 /* RssReader.app */ = {isa = PBXFileReference; explicitFileType = wrapper.application; includeInIndex = 0; path = RssReader.app; sourceTree = BUILT_PRODUCTS_DIR; };
		09B8031C2590CF9100CA2D19 /* AppDelegate.swift */ = {isa = PBXFileReference; lastKnownFileType = sourcecode.swift; path = AppDelegate.swift; sourceTree = "<group>"; };
		09B8031E2590CF9100CA2D19 /* SceneDelegate.swift */ = {isa = PBXFileReference; lastKnownFileType = sourcecode.swift; path = SceneDelegate.swift; sourceTree = "<group>"; };
		09B803252590CF9200CA2D19 /* Assets.xcassets */ = {isa = PBXFileReference; lastKnownFileType = folder.assetcatalog; path = Assets.xcassets; sourceTree = "<group>"; };
		09B803282590CF9200CA2D19 /* Base */ = {isa = PBXFileReference; lastKnownFileType = file.storyboard; name = Base; path = Base.lproj/LaunchScreen.storyboard; sourceTree = "<group>"; };
		09B8032A2590CF9200CA2D19 /* Info.plist */ = {isa = PBXFileReference; lastKnownFileType = text.plist.xml; path = Info.plist; sourceTree = "<group>"; };
		09B8032F2590CF9300CA2D19 /* RssReaderTests.xctest */ = {isa = PBXFileReference; explicitFileType = wrapper.cfbundle; includeInIndex = 0; path = RssReaderTests.xctest; sourceTree = BUILT_PRODUCTS_DIR; };
		09B803332590CF9300CA2D19 /* RssReaderTests.swift */ = {isa = PBXFileReference; lastKnownFileType = sourcecode.swift; path = RssReaderTests.swift; sourceTree = "<group>"; };
		09B803352590CF9300CA2D19 /* Info.plist */ = {isa = PBXFileReference; lastKnownFileType = text.plist.xml; path = Info.plist; sourceTree = "<group>"; };
		09B8033A2590CF9300CA2D19 /* RssReaderUITests.xctest */ = {isa = PBXFileReference; explicitFileType = wrapper.cfbundle; includeInIndex = 0; path = RssReaderUITests.xctest; sourceTree = BUILT_PRODUCTS_DIR; };
		09B8033E2590CF9300CA2D19 /* RssReaderUITests.swift */ = {isa = PBXFileReference; lastKnownFileType = sourcecode.swift; path = RssReaderUITests.swift; sourceTree = "<group>"; };
		09B803402590CF9300CA2D19 /* Info.plist */ = {isa = PBXFileReference; lastKnownFileType = text.plist.xml; path = Info.plist; sourceTree = "<group>"; };
		09EDB06C2608DCC900E2F78A /* Extension_String.swift */ = {isa = PBXFileReference; lastKnownFileType = sourcecode.swift; path = Extension_String.swift; sourceTree = "<group>"; };
		11AAF6607EA8DF7D9A3800D0 /* Pods-RssReader.debugnonsecure.xcconfig */ = {isa = PBXFileReference; includeInIndex = 1; lastKnownFileType = text.xcconfig; name = "Pods-RssReader.debugnonsecure.xcconfig"; path = "Target Support Files/Pods-RssReader/Pods-RssReader.debugnonsecure.xcconfig"; sourceTree = "<group>"; };
		1D0CF2E0EDF6F4926DE472CB /* Pods-RssReader-RssReaderUITests.debug.xcconfig */ = {isa = PBXFileReference; includeInIndex = 1; lastKnownFileType = text.xcconfig; name = "Pods-RssReader-RssReaderUITests.debug.xcconfig"; path = "Target Support Files/Pods-RssReader-RssReaderUITests/Pods-RssReader-RssReaderUITests.debug.xcconfig"; sourceTree = "<group>"; };
		209C3B4876A542EF5E736DCC /* Pods_RssReader_RssReaderUITests.framework */ = {isa = PBXFileReference; explicitFileType = wrapper.framework; includeInIndex = 0; path = Pods_RssReader_RssReaderUITests.framework; sourceTree = BUILT_PRODUCTS_DIR; };
		42E9B0DF32022F1F9BA82BCE /* Pods-RssReaderTests.debugnonsecure.xcconfig */ = {isa = PBXFileReference; includeInIndex = 1; lastKnownFileType = text.xcconfig; name = "Pods-RssReaderTests.debugnonsecure.xcconfig"; path = "Target Support Files/Pods-RssReaderTests/Pods-RssReaderTests.debugnonsecure.xcconfig"; sourceTree = "<group>"; };
		546D94B66CFDE3A05927FE34 /* Pods-RssReaderTests.debugdummy.xcconfig */ = {isa = PBXFileReference; includeInIndex = 1; lastKnownFileType = text.xcconfig; name = "Pods-RssReaderTests.debugdummy.xcconfig"; path = "Target Support Files/Pods-RssReaderTests/Pods-RssReaderTests.debugdummy.xcconfig"; sourceTree = "<group>"; };
		588E98AEF5AB396D6A35DEB0 /* Pods-RssReaderTests.release.xcconfig */ = {isa = PBXFileReference; includeInIndex = 1; lastKnownFileType = text.xcconfig; name = "Pods-RssReaderTests.release.xcconfig"; path = "Target Support Files/Pods-RssReaderTests/Pods-RssReaderTests.release.xcconfig"; sourceTree = "<group>"; };
		61D136A0224AF4D52DE5BE21 /* Pods_RssReaderTests.framework */ = {isa = PBXFileReference; explicitFileType = wrapper.framework; includeInIndex = 0; path = Pods_RssReaderTests.framework; sourceTree = BUILT_PRODUCTS_DIR; };
		624D9C6C68A233A134D2D40F /* Pods-RssReaderTests.debug.xcconfig */ = {isa = PBXFileReference; includeInIndex = 1; lastKnownFileType = text.xcconfig; name = "Pods-RssReaderTests.debug.xcconfig"; path = "Target Support Files/Pods-RssReaderTests/Pods-RssReaderTests.debug.xcconfig"; sourceTree = "<group>"; };
		627ECEDDCEC2828DCB110303 /* Pods-RssReader-RssReaderUITests.release.xcconfig */ = {isa = PBXFileReference; includeInIndex = 1; lastKnownFileType = text.xcconfig; name = "Pods-RssReader-RssReaderUITests.release.xcconfig"; path = "Target Support Files/Pods-RssReader-RssReaderUITests/Pods-RssReader-RssReaderUITests.release.xcconfig"; sourceTree = "<group>"; };
		62AD573977169E22CF27EFE1 /* Pods-RssReaderTests.debugsecure.xcconfig */ = {isa = PBXFileReference; includeInIndex = 1; lastKnownFileType = text.xcconfig; name = "Pods-RssReaderTests.debugsecure.xcconfig"; path = "Target Support Files/Pods-RssReaderTests/Pods-RssReaderTests.debugsecure.xcconfig"; sourceTree = "<group>"; };
		889D98E6DEE3BBCEBFBFBEED /* Pods-RssReader-RssReaderUITests.debugnonsecure.xcconfig */ = {isa = PBXFileReference; includeInIndex = 1; lastKnownFileType = text.xcconfig; name = "Pods-RssReader-RssReaderUITests.debugnonsecure.xcconfig"; path = "Target Support Files/Pods-RssReader-RssReaderUITests/Pods-RssReader-RssReaderUITests.debugnonsecure.xcconfig"; sourceTree = "<group>"; };
		B1BDE01F924FC02DDD7620A8 /* Pods-RssReader.debug.xcconfig */ = {isa = PBXFileReference; includeInIndex = 1; lastKnownFileType = text.xcconfig; name = "Pods-RssReader.debug.xcconfig"; path = "Target Support Files/Pods-RssReader/Pods-RssReader.debug.xcconfig"; sourceTree = "<group>"; };
		D241992E5847620B40FE4C8E /* Pods-RssReader.debugdummy.xcconfig */ = {isa = PBXFileReference; includeInIndex = 1; lastKnownFileType = text.xcconfig; name = "Pods-RssReader.debugdummy.xcconfig"; path = "Target Support Files/Pods-RssReader/Pods-RssReader.debugdummy.xcconfig"; sourceTree = "<group>"; };
		D941371A83DA53ACD4FFE683 /* Pods-RssReader.release.xcconfig */ = {isa = PBXFileReference; includeInIndex = 1; lastKnownFileType = text.xcconfig; name = "Pods-RssReader.release.xcconfig"; path = "Target Support Files/Pods-RssReader/Pods-RssReader.release.xcconfig"; sourceTree = "<group>"; };
		ECF1DD85EC541D4BA97C50F4 /* Pods-RssReader-RssReaderUITests.debugsecure.xcconfig */ = {isa = PBXFileReference; includeInIndex = 1; lastKnownFileType = text.xcconfig; name = "Pods-RssReader-RssReaderUITests.debugsecure.xcconfig"; path = "Target Support Files/Pods-RssReader-RssReaderUITests/Pods-RssReader-RssReaderUITests.debugsecure.xcconfig"; sourceTree = "<group>"; };
		FFDE8A6B87CC5607AC03B685 /* Pods-RssReader-RssReaderUITests.debugdummy.xcconfig */ = {isa = PBXFileReference; includeInIndex = 1; lastKnownFileType = text.xcconfig; name = "Pods-RssReader-RssReaderUITests.debugdummy.xcconfig"; path = "Target Support Files/Pods-RssReader-RssReaderUITests/Pods-RssReader-RssReaderUITests.debugdummy.xcconfig"; sourceTree = "<group>"; };
/* End PBXFileReference section */

/* Begin PBXFrameworksBuildPhase section */
		09B803162590CF9100CA2D19 /* Frameworks */ = {
			isa = PBXFrameworksBuildPhase;
			buildActionMask = 2147483647;
			files = (
				EAD3863C6FD605C99A8FB40E /* Pods_RssReader.framework in Frameworks */,
			);
			runOnlyForDeploymentPostprocessing = 0;
		};
		09B8032C2590CF9300CA2D19 /* Frameworks */ = {
			isa = PBXFrameworksBuildPhase;
			buildActionMask = 2147483647;
			files = (
				EEF2E4A97B01F99FE0489F93 /* Pods_RssReaderTests.framework in Frameworks */,
			);
			runOnlyForDeploymentPostprocessing = 0;
		};
		09B803372590CF9300CA2D19 /* Frameworks */ = {
			isa = PBXFrameworksBuildPhase;
			buildActionMask = 2147483647;
			files = (
				51240C2B79579CC049B995C8 /* Pods_RssReader_RssReaderUITests.framework in Frameworks */,
			);
			runOnlyForDeploymentPostprocessing = 0;
		};
/* End PBXFrameworksBuildPhase section */

/* Begin PBXGroup section */
		0912521525E6925400F9CFCA /* FilterMenu */ = {
			isa = PBXGroup;
			children = (
				0912520B25E687BD00F9CFCA /* FilterMenu.storyboard */,
				0912522725E7F1CC00F9CFCA /* ContainReadTableViewCell.xib */,
				0912525425E7F43100F9CFCA /* SortTypeTableViewCell.xib */,
				0912526325E7FE8B00F9CFCA /* OrderByTableViewCell.xib */,
				0912526D25E80D4800F9CFCA /* PubDateAfterTableViewCell.xib */,
				0912527725E87AA100F9CFCA /* RssFeedDisplayTableViewCell.xib */,
			);
			path = FilterMenu;
			sourceTree = "<group>";
		};
		0912521925E7D7CA00F9CFCA /* FilterMenu */ = {
			isa = PBXGroup;
			children = (
				0912521A25E7D7E000F9CFCA /* FilterMenuViewController.swift */,
				0912525925E7F68000F9CFCA /* ContainReadTableViewCell.swift */,
				0912525E25E7F77400F9CFCA /* SortTypeTableViewCell.swift */,
				0912526825E8087D00F9CFCA /* OrderByTableViewCell.swift */,
				0912527225E80F3500F9CFCA /* PubDateAfterTableViewCell.swift */,
				0912527C25E87E8700F9CFCA /* RssFeedDisplayTableViewCell.swift */,
			);
			path = FilterMenu;
			sourceTree = "<group>";
		};
		0912528B25E8C9DE00F9CFCA /* Article */ = {
			isa = PBXGroup;
			children = (
				09ACE24125977DC100FDB597 /* ArticleListViewController.swift */,
				0912528625E8C92800F9CFCA /* ArticleTableViewCell.swift */,
				091251DB25E629E800F9CFCA /* ArticleDetailViewController.swift */,
				0912529825E8DD3D00F9CFCA /* StarListViewController.swift */,
				09688C5925F294D9007925B3 /* ArticleCollectionViewCell.swift */,
				091252A225E9195F00F9CFCA /* LaterReadListViewController.swift */,
				09688C7825F3788D007925B3 /* PreviewViewController.swift */,
			);
			path = Article;
			sourceTree = "<group>";
		};
		0912528F25E8CA2C00F9CFCA /* Article */ = {
			isa = PBXGroup;
			children = (
				09ACE24925977DED00FDB597 /* ArticleList.storyboard */,
				0912528125E8C43200F9CFCA /* ArticleTableViewCell.xib */,
				091251D625E5F92F00F9CFCA /* ArticleDetail.storyboard */,
				09688C5425F289A9007925B3 /* ArticleCollectionViewCell.xib */,
				0912529D25E9190700F9CFCA /* LaterReadList.storyboard */,
				0912529325E8D30A00F9CFCA /* StarList.storyboard */,
			);
			path = Article;
			sourceTree = "<group>";
		};
		092DCC6925A4AED00036A339 /* Dummy */ = {
			isa = PBXGroup;
			children = (
				0975611425B2985A007B0D3F /* DummyModel.swift */,
				0975611525B2985A007B0D3F /* DummyRouter.swift */,
			);
			path = Dummy;
			sourceTree = "<group>";
		};
		096A1AAA25D7CD6000EBC589 /* RssFeed */ = {
			isa = PBXGroup;
			children = (
				096A1AA525D7CC8300EBC589 /* RssFeed.swift */,
				096A1ACA25D8E13700EBC589 /* RssFeedListModel.swift */,
				096A1AAB25D7CD7F00EBC589 /* Qiita */,
				096A1AB425D7CDEC00EBC589 /* Yahoo */,
			);
			path = RssFeed;
			sourceTree = "<group>";
		};
		096A1AAB25D7CD7F00EBC589 /* Qiita */ = {
			isa = PBXGroup;
			children = (
				096A1AAC25D7CD9A00EBC589 /* QiitaType.swift */,
			);
			path = Qiita;
			sourceTree = "<group>";
		};
		096A1AB425D7CDEC00EBC589 /* Yahoo */ = {
			isa = PBXGroup;
			children = (
				096A1AB525D7CE3E00EBC589 /* YahooTag.swift */,
				096A1ABD25D7CECD00EBC589 /* YahooType.swift */,
			);
			path = Yahoo;
			sourceTree = "<group>";
		};
		098D56BC2593750E00EAD41F /* View */ = {
			isa = PBXGroup;
			children = (
				095F95F625985F88007DC2D5 /* SelectRssFeed.storyboard */,
				09174EE325E573E100756E6D /* AddNewRssFeedTableViewCell.xib */,
				0983205025DFF0A700AA8662 /* SelectRssFeedType.storyboard */,
				099BB89925DD05DB003AF947 /* RssFeedTableViewCell.xib */,
				09174EA925E403A600756E6D /* SelectYahooTag.storyboard */,
				09902F012611B1F800B2B9A0 /* Login */,
				0912528F25E8CA2C00F9CFCA /* Article */,
				0912521525E6925400F9CFCA /* FilterMenu */,
				099BB89325DD02F4003AF947 /* Setting */,
			);
			path = View;
			sourceTree = "<group>";
		};
		098D56BD2593753E00EAD41F /* Controller */ = {
			isa = PBXGroup;
			children = (
				098D56C0259375BC00EAD41F /* Transitioner.swift */,
				0975615625B85F50007B0D3F /* MainTabBarController.swift */,
				095F95F125985F52007DC2D5 /* SelectRssFeedViewController.swift */,
				0983205525DFF92000AA8662 /* SelectRssFeedTypeViewController.swift */,
				09902EF82611081A00B2B9A0 /* Login */,
				09174EAE25E405D700756E6D /* SelectYahooTagViewController.swift */,
				099BB89E25DD0672003AF947 /* RssFeedTableViewCell.swift */,
				0912528B25E8C9DE00F9CFCA /* Article */,
				0912521925E7D7CA00F9CFCA /* FilterMenu */,
				099BB8A325DD096C003AF947 /* Setting */,
			);
			path = Controller;
			sourceTree = "<group>";
		};
		098D56BE2593757300EAD41F /* Model */ = {
			isa = PBXGroup;
			children = (
				09174ED825E53ADC00756E6D /* CommonData.swift */,
				09ACE21B25964E4500FDB597 /* UserConfig.swift */,
				09ACE2202597245800FDB597 /* LoginModel.swift */,
				0975613E25B73155007B0D3F /* ArticleList.swift */,
				0975614325B731CF007B0D3F /* RssClient.swift */,
				0912521025E68D1300F9CFCA /* FilterModel.swift */,
				096A1AAA25D7CD6000EBC589 /* RssFeed */,
			);
			path = Model;
			sourceTree = "<group>";
		};
		098D56BF2593759200EAD41F /* Router */ = {
			isa = PBXGroup;
			children = (
				095FDBEB25A754E2007C8922 /* CommonRouter.swift */,
				097AFF9E25C07735007AC6FA /* ArticleListRouter.swift */,
			);
			path = Router;
			sourceTree = "<group>";
		};
		09902EF82611081A00B2B9A0 /* Login */ = {
			isa = PBXGroup;
			children = (
				091C89DC2606E0F2003AE7B6 /* LoginViewController.swift */,
				09902EF92611084300B2B9A0 /* MailLoginViewController.swift */,
				09902F072611B48200B2B9A0 /* AccountPropertyViewController.swift */,
			);
			path = Login;
			sourceTree = "<group>";
		};
		09902F012611B1F800B2B9A0 /* Login */ = {
			isa = PBXGroup;
			children = (
				09902EF32611056A00B2B9A0 /* MailLogin.storyboard */,
				09902F022611B25100B2B9A0 /* AccountProperty.storyboard */,
			);
			path = Login;
			sourceTree = "<group>";
		};
		09902FB4262036A000B2B9A0 /* Login */ = {
			isa = PBXGroup;
			children = (
				09902F9B261EB41600B2B9A0 /* LoginViewUITests.swift */,
				09902FAC261FFF4E00B2B9A0 /* LoginViewPage.swift */,
				09902FB5262036DF00B2B9A0 /* DummyLoginAlert.swift */,
			);
			path = Login;
			sourceTree = "<group>";
		};
		09902FC32623E94800B2B9A0 /* MailLogin */ = {
			isa = PBXGroup;
			children = (
				09902FC42623E99A00B2B9A0 /* MailLoginViewPage.swift */,
			);
			path = MailLogin;
			sourceTree = "<group>";
		};
		099BB89325DD02F4003AF947 /* Setting */ = {
			isa = PBXGroup;
			children = (
				099BB88925DCA816003AF947 /* Setting.storyboard */,
				099BB89425DD035A003AF947 /* AccountProperty.xib */,
				097DC1E025EF752E00DAE7BD /* FetchTimeInterval.xib */,
				09688C5E25F36C07007925B3 /* DisplayMode.xib */,
			);
			path = Setting;
			sourceTree = "<group>";
		};
		099BB8A325DD096C003AF947 /* Setting */ = {
			isa = PBXGroup;
			children = (
				099BB88E25DCDAA8003AF947 /* SettingViewController.swift */,
				099BB8A725DD1171003AF947 /* AccountPropertyTableViewCell.swift */,
				097DC1ED25EF7B6D00DAE7BD /* FetchTimeIntervalTableViewCell.swift */,
				09688C7325F36EB4007925B3 /* DisplayModeTableViewCell.swift */,
			);
			path = Setting;
			sourceTree = "<group>";
		};
		09ACE22D2597272E00FDB597 /* Extension */ = {
			isa = PBXGroup;
			children = (
				09ACE22E2597275800FDB597 /* Extension_Date.swift */,
				096A1B2325DA554600EBC589 /* Extension_Dictionary.swift */,
				099BB8B225DD5B47003AF947 /* Extension_UINavigationController.swift */,
				09EDB06C2608DCC900E2F78A /* Extension_String.swift */,
			);
			path = Extension;
			sourceTree = "<group>";
		};
		09B803102590CF9100CA2D19 = {
			isa = PBXGroup;
			children = (
				09B8031B2590CF9100CA2D19 /* RssReader */,
				09B803322590CF9300CA2D19 /* RssReaderTests */,
				09B8033D2590CF9300CA2D19 /* RssReaderUITests */,
				09B8031A2590CF9100CA2D19 /* Products */,
				B16E10101782F733D8B19CAD /* Pods */,
				41417AFA67F7D1031837683C /* Frameworks */,
			);
			sourceTree = "<group>";
		};
		09B8031A2590CF9100CA2D19 /* Products */ = {
			isa = PBXGroup;
			children = (
				09B803192590CF9100CA2D19 /* RssReader.app */,
				09B8032F2590CF9300CA2D19 /* RssReaderTests.xctest */,
				09B8033A2590CF9300CA2D19 /* RssReaderUITests.xctest */,
			);
			name = Products;
			sourceTree = "<group>";
		};
		09B8031B2590CF9100CA2D19 /* RssReader */ = {
			isa = PBXGroup;
			children = (
				09B8031C2590CF9100CA2D19 /* AppDelegate.swift */,
				09B8031E2590CF9100CA2D19 /* SceneDelegate.swift */,
				09B803272590CF9200CA2D19 /* LaunchScreen.storyboard */,
				092DCC6925A4AED00036A339 /* Dummy */,
				098D56BE2593757300EAD41F /* Model */,
				098D56BC2593750E00EAD41F /* View */,
				098D56BD2593753E00EAD41F /* Controller */,
				098D56BF2593759200EAD41F /* Router */,
				09ACE22D2597272E00FDB597 /* Extension */,
				09B803252590CF9200CA2D19 /* Assets.xcassets */,
				09B8032A2590CF9200CA2D19 /* Info.plist */,
				09ACE145259621AC00FDB597 /* GoogleService-Info.plist */,
			);
			path = RssReader;
			sourceTree = "<group>";
		};
		09B803322590CF9300CA2D19 /* RssReaderTests */ = {
			isa = PBXGroup;
			children = (
				09B803332590CF9300CA2D19 /* RssReaderTests.swift */,
				09902F76261AFCF800B2B9A0 /* LoginViewTests.swift */,
				09B803352590CF9300CA2D19 /* Info.plist */,
			);
			path = RssReaderTests;
			sourceTree = "<group>";
		};
		09B8033D2590CF9300CA2D19 /* RssReaderUITests */ = {
			isa = PBXGroup;
			children = (
				09B8033E2590CF9300CA2D19 /* RssReaderUITests.swift */,
				09902FA6261FF7D300B2B9A0 /* PageObjectable.swift */,
				09902FB4262036A000B2B9A0 /* Login */,
				09902FC32623E94800B2B9A0 /* MailLogin */,
				09B803402590CF9300CA2D19 /* Info.plist */,
			);
			path = RssReaderUITests;
			sourceTree = "<group>";
		};
		41417AFA67F7D1031837683C /* Frameworks */ = {
			isa = PBXGroup;
			children = (
				0136653DDE8FA9F7D8BB3E7F /* Pods_RssReader.framework */,
				209C3B4876A542EF5E736DCC /* Pods_RssReader_RssReaderUITests.framework */,
				61D136A0224AF4D52DE5BE21 /* Pods_RssReaderTests.framework */,
			);
			name = Frameworks;
			sourceTree = "<group>";
		};
		B16E10101782F733D8B19CAD /* Pods */ = {
			isa = PBXGroup;
			children = (
				B1BDE01F924FC02DDD7620A8 /* Pods-RssReader.debug.xcconfig */,
				D941371A83DA53ACD4FFE683 /* Pods-RssReader.release.xcconfig */,
				1D0CF2E0EDF6F4926DE472CB /* Pods-RssReader-RssReaderUITests.debug.xcconfig */,
				627ECEDDCEC2828DCB110303 /* Pods-RssReader-RssReaderUITests.release.xcconfig */,
				624D9C6C68A233A134D2D40F /* Pods-RssReaderTests.debug.xcconfig */,
				588E98AEF5AB396D6A35DEB0 /* Pods-RssReaderTests.release.xcconfig */,
				04A153AA19B2DAECA5EE0BE1 /* Pods-RssReader.debugsecure.xcconfig */,
				11AAF6607EA8DF7D9A3800D0 /* Pods-RssReader.debugnonsecure.xcconfig */,
				D241992E5847620B40FE4C8E /* Pods-RssReader.debugdummy.xcconfig */,
				ECF1DD85EC541D4BA97C50F4 /* Pods-RssReader-RssReaderUITests.debugsecure.xcconfig */,
				889D98E6DEE3BBCEBFBFBEED /* Pods-RssReader-RssReaderUITests.debugnonsecure.xcconfig */,
				FFDE8A6B87CC5607AC03B685 /* Pods-RssReader-RssReaderUITests.debugdummy.xcconfig */,
				62AD573977169E22CF27EFE1 /* Pods-RssReaderTests.debugsecure.xcconfig */,
				42E9B0DF32022F1F9BA82BCE /* Pods-RssReaderTests.debugnonsecure.xcconfig */,
				546D94B66CFDE3A05927FE34 /* Pods-RssReaderTests.debugdummy.xcconfig */,
			);
			path = Pods;
			sourceTree = "<group>";
		};
/* End PBXGroup section */

/* Begin PBXNativeTarget section */
		09B803182590CF9100CA2D19 /* RssReader */ = {
			isa = PBXNativeTarget;
			buildConfigurationList = 09B803432590CF9300CA2D19 /* Build configuration list for PBXNativeTarget "RssReader" */;
			buildPhases = (
				85356882EE4067FB5C5D8E08 /* [CP] Check Pods Manifest.lock */,
				09B803152590CF9100CA2D19 /* Sources */,
				09B803162590CF9100CA2D19 /* Frameworks */,
				09B803172590CF9100CA2D19 /* Resources */,
				4C5AB912763E2243466CF11F /* [CP] Embed Pods Frameworks */,
			);
			buildRules = (
			);
			dependencies = (
			);
			name = RssReader;
			productName = RssReader;
			productReference = 09B803192590CF9100CA2D19 /* RssReader.app */;
			productType = "com.apple.product-type.application";
		};
		09B8032E2590CF9300CA2D19 /* RssReaderTests */ = {
			isa = PBXNativeTarget;
			buildConfigurationList = 09B803462590CF9300CA2D19 /* Build configuration list for PBXNativeTarget "RssReaderTests" */;
			buildPhases = (
				DCA945A0D610E2D2E6A5F755 /* [CP] Check Pods Manifest.lock */,
				09B8032B2590CF9300CA2D19 /* Sources */,
				09B8032C2590CF9300CA2D19 /* Frameworks */,
				09B8032D2590CF9300CA2D19 /* Resources */,
			);
			buildRules = (
			);
			dependencies = (
				09B803312590CF9300CA2D19 /* PBXTargetDependency */,
			);
			name = RssReaderTests;
			productName = RssReaderTests;
			productReference = 09B8032F2590CF9300CA2D19 /* RssReaderTests.xctest */;
			productType = "com.apple.product-type.bundle.unit-test";
		};
		09B803392590CF9300CA2D19 /* RssReaderUITests */ = {
			isa = PBXNativeTarget;
			buildConfigurationList = 09B803492590CF9300CA2D19 /* Build configuration list for PBXNativeTarget "RssReaderUITests" */;
			buildPhases = (
				B833170BF959CF52B1570F5A /* [CP] Check Pods Manifest.lock */,
				09B803362590CF9300CA2D19 /* Sources */,
				09B803372590CF9300CA2D19 /* Frameworks */,
				09B803382590CF9300CA2D19 /* Resources */,
				03B3CC6FC6F5860A06106B69 /* [CP] Embed Pods Frameworks */,
			);
			buildRules = (
			);
			dependencies = (
				09B8033C2590CF9300CA2D19 /* PBXTargetDependency */,
			);
			name = RssReaderUITests;
			productName = RssReaderUITests;
			productReference = 09B8033A2590CF9300CA2D19 /* RssReaderUITests.xctest */;
			productType = "com.apple.product-type.bundle.ui-testing";
		};
/* End PBXNativeTarget section */

/* Begin PBXProject section */
		09B803112590CF9100CA2D19 /* Project object */ = {
			isa = PBXProject;
			attributes = {
				LastSwiftUpdateCheck = 1220;
				LastUpgradeCheck = 1220;
				TargetAttributes = {
					09B803182590CF9100CA2D19 = {
						CreatedOnToolsVersion = 12.2;
					};
					09B8032E2590CF9300CA2D19 = {
						CreatedOnToolsVersion = 12.2;
						TestTargetID = 09B803182590CF9100CA2D19;
					};
					09B803392590CF9300CA2D19 = {
						CreatedOnToolsVersion = 12.2;
						TestTargetID = 09B803182590CF9100CA2D19;
					};
				};
			};
			buildConfigurationList = 09B803142590CF9100CA2D19 /* Build configuration list for PBXProject "RssReader" */;
			compatibilityVersion = "Xcode 9.3";
			developmentRegion = en;
			hasScannedForEncodings = 0;
			knownRegions = (
				en,
				Base,
			);
			mainGroup = 09B803102590CF9100CA2D19;
			productRefGroup = 09B8031A2590CF9100CA2D19 /* Products */;
			projectDirPath = "";
			projectRoot = "";
			targets = (
				09B803182590CF9100CA2D19 /* RssReader */,
				09B8032E2590CF9300CA2D19 /* RssReaderTests */,
				09B803392590CF9300CA2D19 /* RssReaderUITests */,
			);
		};
/* End PBXProject section */

/* Begin PBXResourcesBuildPhase section */
		09B803172590CF9100CA2D19 /* Resources */ = {
			isa = PBXResourcesBuildPhase;
			buildActionMask = 2147483647;
			files = (
				0912529425E8D30A00F9CFCA /* StarList.storyboard in Resources */,
				09902F032611B25100B2B9A0 /* AccountProperty.storyboard in Resources */,
				099BB89A25DD05DB003AF947 /* RssFeedTableViewCell.xib in Resources */,
				0912527825E87AA100F9CFCA /* RssFeedDisplayTableViewCell.xib in Resources */,
				09174EE425E573E100756E6D /* AddNewRssFeedTableViewCell.xib in Resources */,
				0912529E25E9190700F9CFCA /* LaterReadList.storyboard in Resources */,
				091251D725E5F92F00F9CFCA /* ArticleDetail.storyboard in Resources */,
				0912526425E7FE8B00F9CFCA /* OrderByTableViewCell.xib in Resources */,
				09B803292590CF9200CA2D19 /* LaunchScreen.storyboard in Resources */,
				09ACE24A25977DED00FDB597 /* ArticleList.storyboard in Resources */,
				0912528225E8C43200F9CFCA /* ArticleTableViewCell.xib in Resources */,
				09ACE146259621AC00FDB597 /* GoogleService-Info.plist in Resources */,
				09902EF42611056A00B2B9A0 /* MailLogin.storyboard in Resources */,
				0983205125DFF0A700AA8662 /* SelectRssFeedType.storyboard in Resources */,
				097DC1E125EF752E00DAE7BD /* FetchTimeInterval.xib in Resources */,
				0912525525E7F43100F9CFCA /* SortTypeTableViewCell.xib in Resources */,
				09174EAA25E403A600756E6D /* SelectYahooTag.storyboard in Resources */,
				0912522825E7F1CC00F9CFCA /* ContainReadTableViewCell.xib in Resources */,
				09688C5525F289A9007925B3 /* ArticleCollectionViewCell.xib in Resources */,
				099BB89525DD035A003AF947 /* AccountProperty.xib in Resources */,
				095F95F725985F88007DC2D5 /* SelectRssFeed.storyboard in Resources */,
				09688C5F25F36C07007925B3 /* DisplayMode.xib in Resources */,
				0912520C25E687BD00F9CFCA /* FilterMenu.storyboard in Resources */,
				09B803262590CF9200CA2D19 /* Assets.xcassets in Resources */,
				0912526E25E80D4800F9CFCA /* PubDateAfterTableViewCell.xib in Resources */,
				099BB88A25DCA816003AF947 /* Setting.storyboard in Resources */,
			);
			runOnlyForDeploymentPostprocessing = 0;
		};
		09B8032D2590CF9300CA2D19 /* Resources */ = {
			isa = PBXResourcesBuildPhase;
			buildActionMask = 2147483647;
			files = (
			);
			runOnlyForDeploymentPostprocessing = 0;
		};
		09B803382590CF9300CA2D19 /* Resources */ = {
			isa = PBXResourcesBuildPhase;
			buildActionMask = 2147483647;
			files = (
			);
			runOnlyForDeploymentPostprocessing = 0;
		};
/* End PBXResourcesBuildPhase section */

/* Begin PBXShellScriptBuildPhase section */
		03B3CC6FC6F5860A06106B69 /* [CP] Embed Pods Frameworks */ = {
			isa = PBXShellScriptBuildPhase;
			buildActionMask = 2147483647;
			files = (
			);
			inputFileListPaths = (
				"${PODS_ROOT}/Target Support Files/Pods-RssReader-RssReaderUITests/Pods-RssReader-RssReaderUITests-frameworks-${CONFIGURATION}-input-files.xcfilelist",
			);
			name = "[CP] Embed Pods Frameworks";
			outputFileListPaths = (
				"${PODS_ROOT}/Target Support Files/Pods-RssReader-RssReaderUITests/Pods-RssReader-RssReaderUITests-frameworks-${CONFIGURATION}-output-files.xcfilelist",
			);
			runOnlyForDeploymentPostprocessing = 0;
			shellPath = /bin/sh;
			shellScript = "\"${PODS_ROOT}/Target Support Files/Pods-RssReader-RssReaderUITests/Pods-RssReader-RssReaderUITests-frameworks.sh\"\n";
			showEnvVarsInLog = 0;
		};
		4C5AB912763E2243466CF11F /* [CP] Embed Pods Frameworks */ = {
			isa = PBXShellScriptBuildPhase;
			buildActionMask = 2147483647;
			files = (
			);
			inputFileListPaths = (
				"${PODS_ROOT}/Target Support Files/Pods-RssReader/Pods-RssReader-frameworks-${CONFIGURATION}-input-files.xcfilelist",
			);
			name = "[CP] Embed Pods Frameworks";
			outputFileListPaths = (
				"${PODS_ROOT}/Target Support Files/Pods-RssReader/Pods-RssReader-frameworks-${CONFIGURATION}-output-files.xcfilelist",
			);
			runOnlyForDeploymentPostprocessing = 0;
			shellPath = /bin/sh;
			shellScript = "\"${PODS_ROOT}/Target Support Files/Pods-RssReader/Pods-RssReader-frameworks.sh\"\n";
			showEnvVarsInLog = 0;
		};
		85356882EE4067FB5C5D8E08 /* [CP] Check Pods Manifest.lock */ = {
			isa = PBXShellScriptBuildPhase;
			buildActionMask = 2147483647;
			files = (
			);
			inputFileListPaths = (
			);
			inputPaths = (
				"${PODS_PODFILE_DIR_PATH}/Podfile.lock",
				"${PODS_ROOT}/Manifest.lock",
			);
			name = "[CP] Check Pods Manifest.lock";
			outputFileListPaths = (
			);
			outputPaths = (
				"$(DERIVED_FILE_DIR)/Pods-RssReader-checkManifestLockResult.txt",
			);
			runOnlyForDeploymentPostprocessing = 0;
			shellPath = /bin/sh;
			shellScript = "diff \"${PODS_PODFILE_DIR_PATH}/Podfile.lock\" \"${PODS_ROOT}/Manifest.lock\" > /dev/null\nif [ $? != 0 ] ; then\n    # print error to STDERR\n    echo \"error: The sandbox is not in sync with the Podfile.lock. Run 'pod install' or update your CocoaPods installation.\" >&2\n    exit 1\nfi\n# This output is used by Xcode 'outputs' to avoid re-running this script phase.\necho \"SUCCESS\" > \"${SCRIPT_OUTPUT_FILE_0}\"\n";
			showEnvVarsInLog = 0;
		};
		B833170BF959CF52B1570F5A /* [CP] Check Pods Manifest.lock */ = {
			isa = PBXShellScriptBuildPhase;
			buildActionMask = 2147483647;
			files = (
			);
			inputFileListPaths = (
			);
			inputPaths = (
				"${PODS_PODFILE_DIR_PATH}/Podfile.lock",
				"${PODS_ROOT}/Manifest.lock",
			);
			name = "[CP] Check Pods Manifest.lock";
			outputFileListPaths = (
			);
			outputPaths = (
				"$(DERIVED_FILE_DIR)/Pods-RssReader-RssReaderUITests-checkManifestLockResult.txt",
			);
			runOnlyForDeploymentPostprocessing = 0;
			shellPath = /bin/sh;
			shellScript = "diff \"${PODS_PODFILE_DIR_PATH}/Podfile.lock\" \"${PODS_ROOT}/Manifest.lock\" > /dev/null\nif [ $? != 0 ] ; then\n    # print error to STDERR\n    echo \"error: The sandbox is not in sync with the Podfile.lock. Run 'pod install' or update your CocoaPods installation.\" >&2\n    exit 1\nfi\n# This output is used by Xcode 'outputs' to avoid re-running this script phase.\necho \"SUCCESS\" > \"${SCRIPT_OUTPUT_FILE_0}\"\n";
			showEnvVarsInLog = 0;
		};
		DCA945A0D610E2D2E6A5F755 /* [CP] Check Pods Manifest.lock */ = {
			isa = PBXShellScriptBuildPhase;
			buildActionMask = 2147483647;
			files = (
			);
			inputFileListPaths = (
			);
			inputPaths = (
				"${PODS_PODFILE_DIR_PATH}/Podfile.lock",
				"${PODS_ROOT}/Manifest.lock",
			);
			name = "[CP] Check Pods Manifest.lock";
			outputFileListPaths = (
			);
			outputPaths = (
				"$(DERIVED_FILE_DIR)/Pods-RssReaderTests-checkManifestLockResult.txt",
			);
			runOnlyForDeploymentPostprocessing = 0;
			shellPath = /bin/sh;
			shellScript = "diff \"${PODS_PODFILE_DIR_PATH}/Podfile.lock\" \"${PODS_ROOT}/Manifest.lock\" > /dev/null\nif [ $? != 0 ] ; then\n    # print error to STDERR\n    echo \"error: The sandbox is not in sync with the Podfile.lock. Run 'pod install' or update your CocoaPods installation.\" >&2\n    exit 1\nfi\n# This output is used by Xcode 'outputs' to avoid re-running this script phase.\necho \"SUCCESS\" > \"${SCRIPT_OUTPUT_FILE_0}\"\n";
			showEnvVarsInLog = 0;
		};
/* End PBXShellScriptBuildPhase section */

/* Begin PBXSourcesBuildPhase section */
		09B803152590CF9100CA2D19 /* Sources */ = {
			isa = PBXSourcesBuildPhase;
			buildActionMask = 2147483647;
			files = (
				09ACE22F2597275800FDB597 /* Extension_Date.swift in Sources */,
				0912521B25E7D7E000F9CFCA /* FilterMenuViewController.swift in Sources */,
				095FDBEC25A754E2007C8922 /* CommonRouter.swift in Sources */,
				0912527D25E87E8700F9CFCA /* RssFeedDisplayTableViewCell.swift in Sources */,
				096A1AA625D7CC8300EBC589 /* RssFeed.swift in Sources */,
				09902EFA2611084300B2B9A0 /* MailLoginViewController.swift in Sources */,
				0912525A25E7F68000F9CFCA /* ContainReadTableViewCell.swift in Sources */,
				0975611725B2985A007B0D3F /* DummyRouter.swift in Sources */,
				099BB89F25DD0672003AF947 /* RssFeedTableViewCell.swift in Sources */,
				097DC1EE25EF7B6D00DAE7BD /* FetchTimeIntervalTableViewCell.swift in Sources */,
				0912528725E8C92800F9CFCA /* ArticleTableViewCell.swift in Sources */,
				099BB8B325DD5B47003AF947 /* Extension_UINavigationController.swift in Sources */,
				09ACE2212597245800FDB597 /* LoginModel.swift in Sources */,
				09B8031D2590CF9100CA2D19 /* AppDelegate.swift in Sources */,
				09B8031F2590CF9100CA2D19 /* SceneDelegate.swift in Sources */,
				0975614425B731CF007B0D3F /* RssClient.swift in Sources */,
				09688C7925F3788D007925B3 /* PreviewViewController.swift in Sources */,
				09174EAF25E405D700756E6D /* SelectYahooTagViewController.swift in Sources */,
				099BB8A825DD1171003AF947 /* AccountPropertyTableViewCell.swift in Sources */,
				096A1AB625D7CE3E00EBC589 /* YahooTag.swift in Sources */,
				0975611625B2985A007B0D3F /* DummyModel.swift in Sources */,
				09902F082611B48200B2B9A0 /* AccountPropertyViewController.swift in Sources */,
				09174ED925E53ADC00756E6D /* CommonData.swift in Sources */,
				091252A325E9195F00F9CFCA /* LaterReadListViewController.swift in Sources */,
				0912521125E68D1300F9CFCA /* FilterModel.swift in Sources */,
				0912525F25E7F77400F9CFCA /* SortTypeTableViewCell.swift in Sources */,
				096A1B2425DA554600EBC589 /* Extension_Dictionary.swift in Sources */,
				09ACE24225977DC100FDB597 /* ArticleListViewController.swift in Sources */,
				0975615725B85F50007B0D3F /* MainTabBarController.swift in Sources */,
				0912527325E80F3500F9CFCA /* PubDateAfterTableViewCell.swift in Sources */,
				09688C7425F36EB4007925B3 /* DisplayModeTableViewCell.swift in Sources */,
				09EDB06D2608DCC900E2F78A /* Extension_String.swift in Sources */,
				0975613F25B73155007B0D3F /* ArticleList.swift in Sources */,
				09688C5A25F294D9007925B3 /* ArticleCollectionViewCell.swift in Sources */,
				0912529925E8DD3D00F9CFCA /* StarListViewController.swift in Sources */,
				091C89DD2606E0F2003AE7B6 /* LoginViewController.swift in Sources */,
				096A1ABE25D7CECD00EBC589 /* YahooType.swift in Sources */,
				096A1ACB25D8E13700EBC589 /* RssFeedListModel.swift in Sources */,
				095F95F225985F52007DC2D5 /* SelectRssFeedViewController.swift in Sources */,
				0983205625DFF92000AA8662 /* SelectRssFeedTypeViewController.swift in Sources */,
				091251DC25E629E800F9CFCA /* ArticleDetailViewController.swift in Sources */,
				099BB88F25DCDAA8003AF947 /* SettingViewController.swift in Sources */,
				098D56C1259375BC00EAD41F /* Transitioner.swift in Sources */,
				096A1AAD25D7CD9A00EBC589 /* QiitaType.swift in Sources */,
				097AFF9F25C07736007AC6FA /* ArticleListRouter.swift in Sources */,
				09ACE21C25964E4500FDB597 /* UserConfig.swift in Sources */,
				0912526925E8087D00F9CFCA /* OrderByTableViewCell.swift in Sources */,
			);
			runOnlyForDeploymentPostprocessing = 0;
		};
		09B8032B2590CF9300CA2D19 /* Sources */ = {
			isa = PBXSourcesBuildPhase;
			buildActionMask = 2147483647;
			files = (
				09902F77261AFCF800B2B9A0 /* LoginViewTests.swift in Sources */,
				09B803342590CF9300CA2D19 /* RssReaderTests.swift in Sources */,
			);
			runOnlyForDeploymentPostprocessing = 0;
		};
		09B803362590CF9300CA2D19 /* Sources */ = {
			isa = PBXSourcesBuildPhase;
			buildActionMask = 2147483647;
			files = (
				09902FA7261FF7D300B2B9A0 /* PageObjectable.swift in Sources */,
				09902F9C261EB41700B2B9A0 /* LoginViewUITests.swift in Sources */,
				09902FC52623E99A00B2B9A0 /* MailLoginViewPage.swift in Sources */,
				09B8033F2590CF9300CA2D19 /* RssReaderUITests.swift in Sources */,
				09902FB6262036DF00B2B9A0 /* DummyLoginAlert.swift in Sources */,
				09902FAD261FFF4E00B2B9A0 /* LoginViewPage.swift in Sources */,
			);
			runOnlyForDeploymentPostprocessing = 0;
		};
/* End PBXSourcesBuildPhase section */

/* Begin PBXTargetDependency section */
		09B803312590CF9300CA2D19 /* PBXTargetDependency */ = {
			isa = PBXTargetDependency;
			target = 09B803182590CF9100CA2D19 /* RssReader */;
			targetProxy = 09B803302590CF9300CA2D19 /* PBXContainerItemProxy */;
		};
		09B8033C2590CF9300CA2D19 /* PBXTargetDependency */ = {
			isa = PBXTargetDependency;
			target = 09B803182590CF9100CA2D19 /* RssReader */;
			targetProxy = 09B8033B2590CF9300CA2D19 /* PBXContainerItemProxy */;
		};
/* End PBXTargetDependency section */

/* Begin PBXVariantGroup section */
		09B803272590CF9200CA2D19 /* LaunchScreen.storyboard */ = {
			isa = PBXVariantGroup;
			children = (
				09B803282590CF9200CA2D19 /* Base */,
			);
			name = LaunchScreen.storyboard;
			sourceTree = "<group>";
		};
/* End PBXVariantGroup section */

/* Begin XCBuildConfiguration section */
		091C8B0C26078D48003AE7B6 /* DebugNonSecure */ = {
			isa = XCBuildConfiguration;
			buildSettings = {
				ALWAYS_SEARCH_USER_PATHS = NO;
				CLANG_ANALYZER_NONNULL = YES;
				CLANG_ANALYZER_NUMBER_OBJECT_CONVERSION = YES_AGGRESSIVE;
				CLANG_CXX_LANGUAGE_STANDARD = "gnu++14";
				CLANG_CXX_LIBRARY = "libc++";
				CLANG_ENABLE_MODULES = YES;
				CLANG_ENABLE_OBJC_ARC = YES;
				CLANG_ENABLE_OBJC_WEAK = YES;
				CLANG_WARN_BLOCK_CAPTURE_AUTORELEASING = YES;
				CLANG_WARN_BOOL_CONVERSION = YES;
				CLANG_WARN_COMMA = YES;
				CLANG_WARN_CONSTANT_CONVERSION = YES;
				CLANG_WARN_DEPRECATED_OBJC_IMPLEMENTATIONS = YES;
				CLANG_WARN_DIRECT_OBJC_ISA_USAGE = YES_ERROR;
				CLANG_WARN_DOCUMENTATION_COMMENTS = YES;
				CLANG_WARN_EMPTY_BODY = YES;
				CLANG_WARN_ENUM_CONVERSION = YES;
				CLANG_WARN_INFINITE_RECURSION = YES;
				CLANG_WARN_INT_CONVERSION = YES;
				CLANG_WARN_NON_LITERAL_NULL_CONVERSION = YES;
				CLANG_WARN_OBJC_IMPLICIT_RETAIN_SELF = YES;
				CLANG_WARN_OBJC_LITERAL_CONVERSION = YES;
				CLANG_WARN_OBJC_ROOT_CLASS = YES_ERROR;
				CLANG_WARN_QUOTED_INCLUDE_IN_FRAMEWORK_HEADER = NO;
				CLANG_WARN_RANGE_LOOP_ANALYSIS = YES;
				CLANG_WARN_STRICT_PROTOTYPES = YES;
				CLANG_WARN_SUSPICIOUS_MOVE = YES;
				CLANG_WARN_UNGUARDED_AVAILABILITY = YES_AGGRESSIVE;
				CLANG_WARN_UNREACHABLE_CODE = YES;
				CLANG_WARN__DUPLICATE_METHOD_MATCH = YES;
				COPY_PHASE_STRIP = NO;
				DEBUG_INFORMATION_FORMAT = dwarf;
				ENABLE_STRICT_OBJC_MSGSEND = YES;
				ENABLE_TESTABILITY = YES;
				GCC_C_LANGUAGE_STANDARD = gnu11;
				GCC_DYNAMIC_NO_PIC = NO;
				GCC_NO_COMMON_BLOCKS = YES;
				GCC_OPTIMIZATION_LEVEL = 0;
				GCC_PREPROCESSOR_DEFINITIONS = "DebugNonSecure=1";
				GCC_WARN_64_TO_32_BIT_CONVERSION = YES;
				GCC_WARN_ABOUT_RETURN_TYPE = YES_ERROR;
				GCC_WARN_UNDECLARED_SELECTOR = YES;
				GCC_WARN_UNINITIALIZED_AUTOS = YES_AGGRESSIVE;
				GCC_WARN_UNUSED_FUNCTION = YES;
				GCC_WARN_UNUSED_VARIABLE = YES;
				IPHONEOS_DEPLOYMENT_TARGET = 14.2;
				MTL_ENABLE_DEBUG_INFO = INCLUDE_SOURCE;
				MTL_FAST_MATH = YES;
				ONLY_ACTIVE_ARCH = YES;
				OTHER_SWIFT_FLAGS = "-D DebugNonSecure";
				SDKROOT = iphoneos;
				SWIFT_ACTIVE_COMPILATION_CONDITIONS = DebugNonSecure;
				SWIFT_OPTIMIZATION_LEVEL = "-Onone";
			};
			name = DebugNonSecure;
		};
		091C8B0D26078D48003AE7B6 /* DebugNonSecure */ = {
			isa = XCBuildConfiguration;
			baseConfigurationReference = 11AAF6607EA8DF7D9A3800D0 /* Pods-RssReader.debugnonsecure.xcconfig */;
			buildSettings = {
				ASSETCATALOG_COMPILER_APPICON_NAME = AppIcon;
				ASSETCATALOG_COMPILER_GLOBAL_ACCENT_COLOR_NAME = AccentColor;
				CODE_SIGN_STYLE = Automatic;
				DEVELOPMENT_TEAM = 58F4SK879Y;
				INFOPLIST_FILE = RssReader/Info.plist;
				LD_RUNPATH_SEARCH_PATHS = (
					"$(inherited)",
					"@executable_path/Frameworks",
				);
				PRODUCT_BUNDLE_IDENTIFIER = terry.RssReader;
				PRODUCT_NAME = "$(TARGET_NAME)";
				SWIFT_VERSION = 5.0;
				TARGETED_DEVICE_FAMILY = 1;
			};
			name = DebugNonSecure;
		};
		091C8B0E26078D48003AE7B6 /* DebugNonSecure */ = {
			isa = XCBuildConfiguration;
			baseConfigurationReference = 42E9B0DF32022F1F9BA82BCE /* Pods-RssReaderTests.debugnonsecure.xcconfig */;
			buildSettings = {
				ALWAYS_EMBED_SWIFT_STANDARD_LIBRARIES = YES;
				BUNDLE_LOADER = "$(TEST_HOST)";
				CODE_SIGN_STYLE = Automatic;
				DEVELOPMENT_TEAM = 58F4SK879Y;
				INFOPLIST_FILE = RssReaderTests/Info.plist;
				IPHONEOS_DEPLOYMENT_TARGET = 14.2;
				LD_RUNPATH_SEARCH_PATHS = (
					"$(inherited)",
					"@executable_path/Frameworks",
					"@loader_path/Frameworks",
				);
				PRODUCT_BUNDLE_IDENTIFIER = terry.RssReaderTests;
				PRODUCT_NAME = "$(TARGET_NAME)";
				SWIFT_VERSION = 5.0;
				TARGETED_DEVICE_FAMILY = "1,2";
				TEST_HOST = "$(BUILT_PRODUCTS_DIR)/RssReader.app/RssReader";
			};
			name = DebugNonSecure;
		};
		091C8B0F26078D48003AE7B6 /* DebugNonSecure */ = {
			isa = XCBuildConfiguration;
			baseConfigurationReference = 889D98E6DEE3BBCEBFBFBEED /* Pods-RssReader-RssReaderUITests.debugnonsecure.xcconfig */;
			buildSettings = {
				ALWAYS_EMBED_SWIFT_STANDARD_LIBRARIES = YES;
				CODE_SIGN_STYLE = Automatic;
				DEVELOPMENT_TEAM = 58F4SK879Y;
				INFOPLIST_FILE = RssReaderUITests/Info.plist;
				LD_RUNPATH_SEARCH_PATHS = (
					"$(inherited)",
					"@executable_path/Frameworks",
					"@loader_path/Frameworks",
				);
				PRODUCT_BUNDLE_IDENTIFIER = terry.RssReaderUITests;
				PRODUCT_NAME = "$(TARGET_NAME)";
				SWIFT_VERSION = 5.0;
				TARGETED_DEVICE_FAMILY = "1,2";
				TEST_TARGET_NAME = RssReader;
			};
			name = DebugNonSecure;
		};
		091C8B1326078D58003AE7B6 /* DebugDummy */ = {
			isa = XCBuildConfiguration;
			buildSettings = {
				ALWAYS_SEARCH_USER_PATHS = NO;
				CLANG_ANALYZER_NONNULL = YES;
				CLANG_ANALYZER_NUMBER_OBJECT_CONVERSION = YES_AGGRESSIVE;
				CLANG_CXX_LANGUAGE_STANDARD = "gnu++14";
				CLANG_CXX_LIBRARY = "libc++";
				CLANG_ENABLE_MODULES = YES;
				CLANG_ENABLE_OBJC_ARC = YES;
				CLANG_ENABLE_OBJC_WEAK = YES;
				CLANG_WARN_BLOCK_CAPTURE_AUTORELEASING = YES;
				CLANG_WARN_BOOL_CONVERSION = YES;
				CLANG_WARN_COMMA = YES;
				CLANG_WARN_CONSTANT_CONVERSION = YES;
				CLANG_WARN_DEPRECATED_OBJC_IMPLEMENTATIONS = YES;
				CLANG_WARN_DIRECT_OBJC_ISA_USAGE = YES_ERROR;
				CLANG_WARN_DOCUMENTATION_COMMENTS = YES;
				CLANG_WARN_EMPTY_BODY = YES;
				CLANG_WARN_ENUM_CONVERSION = YES;
				CLANG_WARN_INFINITE_RECURSION = YES;
				CLANG_WARN_INT_CONVERSION = YES;
				CLANG_WARN_NON_LITERAL_NULL_CONVERSION = YES;
				CLANG_WARN_OBJC_IMPLICIT_RETAIN_SELF = YES;
				CLANG_WARN_OBJC_LITERAL_CONVERSION = YES;
				CLANG_WARN_OBJC_ROOT_CLASS = YES_ERROR;
				CLANG_WARN_QUOTED_INCLUDE_IN_FRAMEWORK_HEADER = NO;
				CLANG_WARN_RANGE_LOOP_ANALYSIS = YES;
				CLANG_WARN_STRICT_PROTOTYPES = YES;
				CLANG_WARN_SUSPICIOUS_MOVE = YES;
				CLANG_WARN_UNGUARDED_AVAILABILITY = YES_AGGRESSIVE;
				CLANG_WARN_UNREACHABLE_CODE = YES;
				CLANG_WARN__DUPLICATE_METHOD_MATCH = YES;
				COPY_PHASE_STRIP = NO;
				DEBUG_INFORMATION_FORMAT = dwarf;
				ENABLE_STRICT_OBJC_MSGSEND = YES;
				ENABLE_TESTABILITY = YES;
				GCC_C_LANGUAGE_STANDARD = gnu11;
				GCC_DYNAMIC_NO_PIC = NO;
				GCC_NO_COMMON_BLOCKS = YES;
				GCC_OPTIMIZATION_LEVEL = 0;
				GCC_PREPROCESSOR_DEFINITIONS = "DebugDummy=1";
				GCC_WARN_64_TO_32_BIT_CONVERSION = YES;
				GCC_WARN_ABOUT_RETURN_TYPE = YES_ERROR;
				GCC_WARN_UNDECLARED_SELECTOR = YES;
				GCC_WARN_UNINITIALIZED_AUTOS = YES_AGGRESSIVE;
				GCC_WARN_UNUSED_FUNCTION = YES;
				GCC_WARN_UNUSED_VARIABLE = YES;
				IPHONEOS_DEPLOYMENT_TARGET = 14.2;
				MTL_ENABLE_DEBUG_INFO = INCLUDE_SOURCE;
				MTL_FAST_MATH = YES;
				ONLY_ACTIVE_ARCH = YES;
				OTHER_SWIFT_FLAGS = "-D DubugDummy";
				SDKROOT = iphoneos;
				SWIFT_ACTIVE_COMPILATION_CONDITIONS = DebugDummy;
				SWIFT_OPTIMIZATION_LEVEL = "-Onone";
			};
			name = DebugDummy;
		};
		091C8B1426078D58003AE7B6 /* DebugDummy */ = {
			isa = XCBuildConfiguration;
			baseConfigurationReference = D241992E5847620B40FE4C8E /* Pods-RssReader.debugdummy.xcconfig */;
			buildSettings = {
				ASSETCATALOG_COMPILER_APPICON_NAME = AppIcon;
				ASSETCATALOG_COMPILER_GLOBAL_ACCENT_COLOR_NAME = AccentColor;
				CODE_SIGN_STYLE = Automatic;
				DEVELOPMENT_TEAM = 58F4SK879Y;
				INFOPLIST_FILE = RssReader/Info.plist;
				LD_RUNPATH_SEARCH_PATHS = (
					"$(inherited)",
					"@executable_path/Frameworks",
				);
				PRODUCT_BUNDLE_IDENTIFIER = terry.RssReader;
				PRODUCT_NAME = "$(TARGET_NAME)";
				SWIFT_VERSION = 5.0;
				TARGETED_DEVICE_FAMILY = 1;
			};
			name = DebugDummy;
		};
		091C8B1526078D58003AE7B6 /* DebugDummy */ = {
			isa = XCBuildConfiguration;
			baseConfigurationReference = 546D94B66CFDE3A05927FE34 /* Pods-RssReaderTests.debugdummy.xcconfig */;
			buildSettings = {
				ALWAYS_EMBED_SWIFT_STANDARD_LIBRARIES = YES;
				BUNDLE_LOADER = "$(TEST_HOST)";
				CODE_SIGN_STYLE = Automatic;
				DEVELOPMENT_TEAM = 58F4SK879Y;
				INFOPLIST_FILE = RssReaderTests/Info.plist;
				IPHONEOS_DEPLOYMENT_TARGET = 14.2;
				LD_RUNPATH_SEARCH_PATHS = (
					"$(inherited)",
					"@executable_path/Frameworks",
					"@loader_path/Frameworks",
				);
				PRODUCT_BUNDLE_IDENTIFIER = terry.RssReaderTests;
				PRODUCT_NAME = "$(TARGET_NAME)";
				SWIFT_VERSION = 5.0;
				TARGETED_DEVICE_FAMILY = "1,2";
				TEST_HOST = "$(BUILT_PRODUCTS_DIR)/RssReader.app/RssReader";
			};
			name = DebugDummy;
		};
		091C8B1626078D58003AE7B6 /* DebugDummy */ = {
			isa = XCBuildConfiguration;
			baseConfigurationReference = FFDE8A6B87CC5607AC03B685 /* Pods-RssReader-RssReaderUITests.debugdummy.xcconfig */;
			buildSettings = {
				ALWAYS_EMBED_SWIFT_STANDARD_LIBRARIES = YES;
				CODE_SIGN_STYLE = Automatic;
				DEVELOPMENT_TEAM = 58F4SK879Y;
				INFOPLIST_FILE = RssReaderUITests/Info.plist;
				LD_RUNPATH_SEARCH_PATHS = (
					"$(inherited)",
					"@executable_path/Frameworks",
					"@loader_path/Frameworks",
				);
				PRODUCT_BUNDLE_IDENTIFIER = terry.RssReaderUITests;
				PRODUCT_NAME = "$(TARGET_NAME)";
				SWIFT_VERSION = 5.0;
				TARGETED_DEVICE_FAMILY = "1,2";
				TEST_TARGET_NAME = RssReader;
			};
			name = DebugDummy;
		};
		09B803412590CF9300CA2D19 /* DebugSecure */ = {
			isa = XCBuildConfiguration;
			buildSettings = {
				ALWAYS_SEARCH_USER_PATHS = NO;
				CLANG_ANALYZER_NONNULL = YES;
				CLANG_ANALYZER_NUMBER_OBJECT_CONVERSION = YES_AGGRESSIVE;
				CLANG_CXX_LANGUAGE_STANDARD = "gnu++14";
				CLANG_CXX_LIBRARY = "libc++";
				CLANG_ENABLE_MODULES = YES;
				CLANG_ENABLE_OBJC_ARC = YES;
				CLANG_ENABLE_OBJC_WEAK = YES;
				CLANG_WARN_BLOCK_CAPTURE_AUTORELEASING = YES;
				CLANG_WARN_BOOL_CONVERSION = YES;
				CLANG_WARN_COMMA = YES;
				CLANG_WARN_CONSTANT_CONVERSION = YES;
				CLANG_WARN_DEPRECATED_OBJC_IMPLEMENTATIONS = YES;
				CLANG_WARN_DIRECT_OBJC_ISA_USAGE = YES_ERROR;
				CLANG_WARN_DOCUMENTATION_COMMENTS = YES;
				CLANG_WARN_EMPTY_BODY = YES;
				CLANG_WARN_ENUM_CONVERSION = YES;
				CLANG_WARN_INFINITE_RECURSION = YES;
				CLANG_WARN_INT_CONVERSION = YES;
				CLANG_WARN_NON_LITERAL_NULL_CONVERSION = YES;
				CLANG_WARN_OBJC_IMPLICIT_RETAIN_SELF = YES;
				CLANG_WARN_OBJC_LITERAL_CONVERSION = YES;
				CLANG_WARN_OBJC_ROOT_CLASS = YES_ERROR;
				CLANG_WARN_QUOTED_INCLUDE_IN_FRAMEWORK_HEADER = NO;
				CLANG_WARN_RANGE_LOOP_ANALYSIS = YES;
				CLANG_WARN_STRICT_PROTOTYPES = YES;
				CLANG_WARN_SUSPICIOUS_MOVE = YES;
				CLANG_WARN_UNGUARDED_AVAILABILITY = YES_AGGRESSIVE;
				CLANG_WARN_UNREACHABLE_CODE = YES;
				CLANG_WARN__DUPLICATE_METHOD_MATCH = YES;
				COPY_PHASE_STRIP = NO;
				DEBUG_INFORMATION_FORMAT = dwarf;
				ENABLE_STRICT_OBJC_MSGSEND = YES;
				ENABLE_TESTABILITY = YES;
				GCC_C_LANGUAGE_STANDARD = gnu11;
				GCC_DYNAMIC_NO_PIC = NO;
				GCC_NO_COMMON_BLOCKS = YES;
				GCC_OPTIMIZATION_LEVEL = 0;
				GCC_PREPROCESSOR_DEFINITIONS = "DebugSecure=1";
				GCC_WARN_64_TO_32_BIT_CONVERSION = YES;
				GCC_WARN_ABOUT_RETURN_TYPE = YES_ERROR;
				GCC_WARN_UNDECLARED_SELECTOR = YES;
				GCC_WARN_UNINITIALIZED_AUTOS = YES_AGGRESSIVE;
				GCC_WARN_UNUSED_FUNCTION = YES;
				GCC_WARN_UNUSED_VARIABLE = YES;
				IPHONEOS_DEPLOYMENT_TARGET = 14.2;
				MTL_ENABLE_DEBUG_INFO = INCLUDE_SOURCE;
				MTL_FAST_MATH = YES;
				ONLY_ACTIVE_ARCH = YES;
				OTHER_SWIFT_FLAGS = "-D DubugSecure";
				SDKROOT = iphoneos;
				SWIFT_ACTIVE_COMPILATION_CONDITIONS = DebugSecure;
				SWIFT_OPTIMIZATION_LEVEL = "-Onone";
			};
			name = DebugSecure;
		};
		09B803422590CF9300CA2D19 /* Release */ = {
			isa = XCBuildConfiguration;
			buildSettings = {
				ALWAYS_SEARCH_USER_PATHS = NO;
				CLANG_ANALYZER_NONNULL = YES;
				CLANG_ANALYZER_NUMBER_OBJECT_CONVERSION = YES_AGGRESSIVE;
				CLANG_CXX_LANGUAGE_STANDARD = "gnu++14";
				CLANG_CXX_LIBRARY = "libc++";
				CLANG_ENABLE_MODULES = YES;
				CLANG_ENABLE_OBJC_ARC = YES;
				CLANG_ENABLE_OBJC_WEAK = YES;
				CLANG_WARN_BLOCK_CAPTURE_AUTORELEASING = YES;
				CLANG_WARN_BOOL_CONVERSION = YES;
				CLANG_WARN_COMMA = YES;
				CLANG_WARN_CONSTANT_CONVERSION = YES;
				CLANG_WARN_DEPRECATED_OBJC_IMPLEMENTATIONS = YES;
				CLANG_WARN_DIRECT_OBJC_ISA_USAGE = YES_ERROR;
				CLANG_WARN_DOCUMENTATION_COMMENTS = YES;
				CLANG_WARN_EMPTY_BODY = YES;
				CLANG_WARN_ENUM_CONVERSION = YES;
				CLANG_WARN_INFINITE_RECURSION = YES;
				CLANG_WARN_INT_CONVERSION = YES;
				CLANG_WARN_NON_LITERAL_NULL_CONVERSION = YES;
				CLANG_WARN_OBJC_IMPLICIT_RETAIN_SELF = YES;
				CLANG_WARN_OBJC_LITERAL_CONVERSION = YES;
				CLANG_WARN_OBJC_ROOT_CLASS = YES_ERROR;
				CLANG_WARN_QUOTED_INCLUDE_IN_FRAMEWORK_HEADER = NO;
				CLANG_WARN_RANGE_LOOP_ANALYSIS = YES;
				CLANG_WARN_STRICT_PROTOTYPES = YES;
				CLANG_WARN_SUSPICIOUS_MOVE = YES;
				CLANG_WARN_UNGUARDED_AVAILABILITY = YES_AGGRESSIVE;
				CLANG_WARN_UNREACHABLE_CODE = YES;
				CLANG_WARN__DUPLICATE_METHOD_MATCH = YES;
				COPY_PHASE_STRIP = NO;
				DEBUG_INFORMATION_FORMAT = "dwarf-with-dsym";
				ENABLE_NS_ASSERTIONS = NO;
				ENABLE_STRICT_OBJC_MSGSEND = YES;
				ENABLE_TESTABILITY = YES;
				GCC_C_LANGUAGE_STANDARD = gnu11;
				GCC_NO_COMMON_BLOCKS = YES;
				GCC_WARN_64_TO_32_BIT_CONVERSION = YES;
				GCC_WARN_ABOUT_RETURN_TYPE = YES_ERROR;
				GCC_WARN_UNDECLARED_SELECTOR = YES;
				GCC_WARN_UNINITIALIZED_AUTOS = YES_AGGRESSIVE;
				GCC_WARN_UNUSED_FUNCTION = YES;
				GCC_WARN_UNUSED_VARIABLE = YES;
				IPHONEOS_DEPLOYMENT_TARGET = 14.2;
				MTL_ENABLE_DEBUG_INFO = NO;
				MTL_FAST_MATH = YES;
				OTHER_SWIFT_FLAGS = "";
				SDKROOT = iphoneos;
				SWIFT_ACTIVE_COMPILATION_CONDITIONS = "";
				SWIFT_COMPILATION_MODE = wholemodule;
				SWIFT_OPTIMIZATION_LEVEL = "-O";
				VALIDATE_PRODUCT = YES;
			};
			name = Release;
		};
		09B803442590CF9300CA2D19 /* DebugSecure */ = {
			isa = XCBuildConfiguration;
			baseConfigurationReference = 04A153AA19B2DAECA5EE0BE1 /* Pods-RssReader.debugsecure.xcconfig */;
			buildSettings = {
				ASSETCATALOG_COMPILER_APPICON_NAME = AppIcon;
				ASSETCATALOG_COMPILER_GLOBAL_ACCENT_COLOR_NAME = AccentColor;
				CODE_SIGN_STYLE = Automatic;
				DEVELOPMENT_TEAM = 58F4SK879Y;
				INFOPLIST_FILE = RssReader/Info.plist;
				LD_RUNPATH_SEARCH_PATHS = (
					"$(inherited)",
					"@executable_path/Frameworks",
				);
				PRODUCT_BUNDLE_IDENTIFIER = terry.RssReader;
				PRODUCT_NAME = "$(TARGET_NAME)";
				SWIFT_VERSION = 5.0;
				TARGETED_DEVICE_FAMILY = 1;
			};
			name = DebugSecure;
		};
		09B803452590CF9300CA2D19 /* Release */ = {
			isa = XCBuildConfiguration;
			baseConfigurationReference = D941371A83DA53ACD4FFE683 /* Pods-RssReader.release.xcconfig */;
			buildSettings = {
				ASSETCATALOG_COMPILER_APPICON_NAME = AppIcon;
				ASSETCATALOG_COMPILER_GLOBAL_ACCENT_COLOR_NAME = AccentColor;
				CODE_SIGN_STYLE = Automatic;
				DEVELOPMENT_TEAM = 58F4SK879Y;
				INFOPLIST_FILE = RssReader/Info.plist;
				LD_RUNPATH_SEARCH_PATHS = (
					"$(inherited)",
					"@executable_path/Frameworks",
				);
				PRODUCT_BUNDLE_IDENTIFIER = terry.RssReader;
				PRODUCT_NAME = "$(TARGET_NAME)";
				SWIFT_VERSION = 5.0;
				TARGETED_DEVICE_FAMILY = 1;
			};
			name = Release;
		};
		09B803472590CF9300CA2D19 /* DebugSecure */ = {
			isa = XCBuildConfiguration;
			baseConfigurationReference = 62AD573977169E22CF27EFE1 /* Pods-RssReaderTests.debugsecure.xcconfig */;
			buildSettings = {
				ALWAYS_EMBED_SWIFT_STANDARD_LIBRARIES = YES;
				BUNDLE_LOADER = "$(TEST_HOST)";
				CODE_SIGN_STYLE = Automatic;
				DEVELOPMENT_TEAM = 58F4SK879Y;
				INFOPLIST_FILE = RssReaderTests/Info.plist;
				IPHONEOS_DEPLOYMENT_TARGET = 14.2;
				LD_RUNPATH_SEARCH_PATHS = (
					"$(inherited)",
					"@executable_path/Frameworks",
					"@loader_path/Frameworks",
				);
				PRODUCT_BUNDLE_IDENTIFIER = terry.RssReaderTests;
				PRODUCT_NAME = "$(TARGET_NAME)";
				SWIFT_VERSION = 5.0;
				TARGETED_DEVICE_FAMILY = "1,2";
				TEST_HOST = "$(BUILT_PRODUCTS_DIR)/RssReader.app/RssReader";
			};
			name = DebugSecure;
		};
		09B803482590CF9300CA2D19 /* Release */ = {
			isa = XCBuildConfiguration;
			baseConfigurationReference = 588E98AEF5AB396D6A35DEB0 /* Pods-RssReaderTests.release.xcconfig */;
			buildSettings = {
				ALWAYS_EMBED_SWIFT_STANDARD_LIBRARIES = YES;
				BUNDLE_LOADER = "$(TEST_HOST)";
				CODE_SIGN_STYLE = Automatic;
				DEVELOPMENT_TEAM = 58F4SK879Y;
				INFOPLIST_FILE = RssReaderTests/Info.plist;
				IPHONEOS_DEPLOYMENT_TARGET = 14.2;
				LD_RUNPATH_SEARCH_PATHS = (
					"$(inherited)",
					"@executable_path/Frameworks",
					"@loader_path/Frameworks",
				);
				PRODUCT_BUNDLE_IDENTIFIER = terry.RssReaderTests;
				PRODUCT_NAME = "$(TARGET_NAME)";
				SWIFT_VERSION = 5.0;
				TARGETED_DEVICE_FAMILY = "1,2";
				TEST_HOST = "$(BUILT_PRODUCTS_DIR)/RssReader.app/RssReader";
			};
			name = Release;
		};
		09B8034A2590CF9300CA2D19 /* DebugSecure */ = {
			isa = XCBuildConfiguration;
			baseConfigurationReference = ECF1DD85EC541D4BA97C50F4 /* Pods-RssReader-RssReaderUITests.debugsecure.xcconfig */;
			buildSettings = {
				ALWAYS_EMBED_SWIFT_STANDARD_LIBRARIES = YES;
				CODE_SIGN_STYLE = Automatic;
				DEVELOPMENT_TEAM = 58F4SK879Y;
				INFOPLIST_FILE = RssReaderUITests/Info.plist;
				LD_RUNPATH_SEARCH_PATHS = (
					"$(inherited)",
					"@executable_path/Frameworks",
					"@loader_path/Frameworks",
				);
				PRODUCT_BUNDLE_IDENTIFIER = terry.RssReaderUITests;
				PRODUCT_NAME = "$(TARGET_NAME)";
				SWIFT_VERSION = 5.0;
				TARGETED_DEVICE_FAMILY = "1,2";
				TEST_TARGET_NAME = RssReader;
			};
			name = DebugSecure;
		};
		09B8034B2590CF9300CA2D19 /* Release */ = {
			isa = XCBuildConfiguration;
			baseConfigurationReference = 627ECEDDCEC2828DCB110303 /* Pods-RssReader-RssReaderUITests.release.xcconfig */;
			buildSettings = {
				ALWAYS_EMBED_SWIFT_STANDARD_LIBRARIES = YES;
				CODE_SIGN_STYLE = Automatic;
				DEVELOPMENT_TEAM = 58F4SK879Y;
				INFOPLIST_FILE = RssReaderUITests/Info.plist;
				LD_RUNPATH_SEARCH_PATHS = (
					"$(inherited)",
					"@executable_path/Frameworks",
					"@loader_path/Frameworks",
				);
				PRODUCT_BUNDLE_IDENTIFIER = terry.RssReaderUITests;
				PRODUCT_NAME = "$(TARGET_NAME)";
				SWIFT_VERSION = 5.0;
				TARGETED_DEVICE_FAMILY = "1,2";
				TEST_TARGET_NAME = RssReader;
			};
			name = Release;
		};
/* End XCBuildConfiguration section */

/* Begin XCConfigurationList section */
		09B803142590CF9100CA2D19 /* Build configuration list for PBXProject "RssReader" */ = {
			isa = XCConfigurationList;
			buildConfigurations = (
				09B803412590CF9300CA2D19 /* DebugSecure */,
				091C8B0C26078D48003AE7B6 /* DebugNonSecure */,
				091C8B1326078D58003AE7B6 /* DebugDummy */,
				09B803422590CF9300CA2D19 /* Release */,
			);
			defaultConfigurationIsVisible = 0;
			defaultConfigurationName = Release;
		};
		09B803432590CF9300CA2D19 /* Build configuration list for PBXNativeTarget "RssReader" */ = {
			isa = XCConfigurationList;
			buildConfigurations = (
				09B803442590CF9300CA2D19 /* DebugSecure */,
				091C8B0D26078D48003AE7B6 /* DebugNonSecure */,
				091C8B1426078D58003AE7B6 /* DebugDummy */,
				09B803452590CF9300CA2D19 /* Release */,
			);
			defaultConfigurationIsVisible = 0;
			defaultConfigurationName = Release;
		};
		09B803462590CF9300CA2D19 /* Build configuration list for PBXNativeTarget "RssReaderTests" */ = {
			isa = XCConfigurationList;
			buildConfigurations = (
				09B803472590CF9300CA2D19 /* DebugSecure */,
				091C8B0E26078D48003AE7B6 /* DebugNonSecure */,
				091C8B1526078D58003AE7B6 /* DebugDummy */,
				09B803482590CF9300CA2D19 /* Release */,
			);
			defaultConfigurationIsVisible = 0;
			defaultConfigurationName = Release;
		};
		09B803492590CF9300CA2D19 /* Build configuration list for PBXNativeTarget "RssReaderUITests" */ = {
			isa = XCConfigurationList;
			buildConfigurations = (
				09B8034A2590CF9300CA2D19 /* DebugSecure */,
				091C8B0F26078D48003AE7B6 /* DebugNonSecure */,
				091C8B1626078D58003AE7B6 /* DebugDummy */,
				09B8034B2590CF9300CA2D19 /* Release */,
			);
			defaultConfigurationIsVisible = 0;
			defaultConfigurationName = Release;
		};
/* End XCConfigurationList section */
	};
	rootObject = 09B803112590CF9100CA2D19 /* Project object */;
}
